// !$*UTF8*$!
{
	archiveVersion = 1;
	classes = {
	};
	objectVersion = 46;
	objects = {

/* Begin PBXBuildFile section */
		281CB50E1DB194E300593545 /* AppDelegate.swift in Sources */ = {isa = PBXBuildFile; fileRef = 281CB50D1DB194E300593545 /* AppDelegate.swift */; };
		281CB5131DB194E300593545 /* Main.storyboard in Resources */ = {isa = PBXBuildFile; fileRef = 281CB5111DB194E300593545 /* Main.storyboard */; };
		281CB5161DB194E300593545 /* MusicQuiz.xcdatamodeld in Sources */ = {isa = PBXBuildFile; fileRef = 281CB5141DB194E300593545 /* MusicQuiz.xcdatamodeld */; };
		281CB5181DB194E300593545 /* Assets.xcassets in Resources */ = {isa = PBXBuildFile; fileRef = 281CB5171DB194E300593545 /* Assets.xcassets */; };
		281CB51B1DB194E300593545 /* LaunchScreen.storyboard in Resources */ = {isa = PBXBuildFile; fileRef = 281CB5191DB194E300593545 /* LaunchScreen.storyboard */; };
		281CB5261DB194E300593545 /* MusicQuizTests.swift in Sources */ = {isa = PBXBuildFile; fileRef = 281CB5251DB194E300593545 /* MusicQuizTests.swift */; };
		281CB5311DB194E300593545 /* MusicQuizUITests.swift in Sources */ = {isa = PBXBuildFile; fileRef = 281CB5301DB194E300593545 /* MusicQuizUITests.swift */; };
		281CB5421DB1971600593545 /* Song.swift in Sources */ = {isa = PBXBuildFile; fileRef = 281CB5411DB1971600593545 /* Song.swift */; };
		281CB5541DB1A5EA00593545 /* QuizVC.swift in Sources */ = {isa = PBXBuildFile; fileRef = 281CB5531DB1A5EA00593545 /* QuizVC.swift */; };
		281CB5591DB1FDFA00593545 /* RoundedButton.swift in Sources */ = {isa = PBXBuildFile; fileRef = 281CB5581DB1FDFA00593545 /* RoundedButton.swift */; };
		281CB55B1DB207DB00593545 /* ResultsVC.swift in Sources */ = {isa = PBXBuildFile; fileRef = 281CB55A1DB207DB00593545 /* ResultsVC.swift */; };
		2820337E1E2B7F8300B06A83 /* Aaron_Copland_1900-1990&Appalachian_Spring&1952&Section_1&.mp3 in Resources */ = {isa = PBXBuildFile; fileRef = 2820335D1E2B7F8300B06A83 /* Aaron_Copland_1900-1990&Appalachian_Spring&1952&Section_1&.mp3 */; };
		2820337F1E2B7F8300B06A83 /* Aaron_Copland_1900-1990&Appalachian_Spring&1952&Section_2_Allegro&.mp3 in Resources */ = {isa = PBXBuildFile; fileRef = 2820335E1E2B7F8300B06A83 /* Aaron_Copland_1900-1990&Appalachian_Spring&1952&Section_2_Allegro&.mp3 */; };
		282033801E2B7F8300B06A83 /* Aaron_Copland_1900-1990&Appalachian_Spring&1952&Section_3&Moderato&.mp3 in Resources */ = {isa = PBXBuildFile; fileRef = 2820335F1E2B7F8300B06A83 /* Aaron_Copland_1900-1990&Appalachian_Spring&1952&Section_3&Moderato&.mp3 */; };
		282033811E2B7F8300B06A83 /* Aaron_Copland_1900-1990&Appalachian_Spring&1952&Section_4&Molto_Moderato&.mp3 in Resources */ = {isa = PBXBuildFile; fileRef = 282033601E2B7F8300B06A83 /* Aaron_Copland_1900-1990&Appalachian_Spring&1952&Section_4&Molto_Moderato&.mp3 */; };
		282033821E2B7F8300B06A83 /* Aaron_Copland_1900-1990&Appalachian_Spring&1952&Section_5&Meno_Moss&.mp3 in Resources */ = {isa = PBXBuildFile; fileRef = 282033611E2B7F8300B06A83 /* Aaron_Copland_1900-1990&Appalachian_Spring&1952&Section_5&Meno_Moss&.mp3 */; };
		282033831E2B7F8300B06A83 /* Aaron_Copland_1900-1990&At_The_River&1952&Slowly&.mp3 in Resources */ = {isa = PBXBuildFile; fileRef = 282033621E2B7F8300B06A83 /* Aaron_Copland_1900-1990&At_The_River&1952&Slowly&.mp3 */; };
		282033841E2B7F8300B06A83 /* Adolphe_Adam_1803-1856&Giselle&1841&Act_1&.mp3 in Resources */ = {isa = PBXBuildFile; fileRef = 282033631E2B7F8300B06A83 /* Adolphe_Adam_1803-1856&Giselle&1841&Act_1&.mp3 */; };
		282033851E2B7F8300B06A83 /* Arnold_Schoenberg_1874-1951&Five_Piece_Orchestra&1911&Movement_3_Farben&.mp3 in Resources */ = {isa = PBXBuildFile; fileRef = 282033641E2B7F8300B06A83 /* Arnold_Schoenberg_1874-1951&Five_Piece_Orchestra&1911&Movement_3_Farben&.mp3 */; };
		282033861E2B7F8300B06A83 /* Arnold_Schoenberg_1874-1951&Pierrot_Lunaire&1912&Number_8_Night&.mp3 in Resources */ = {isa = PBXBuildFile; fileRef = 282033651E2B7F8300B06A83 /* Arnold_Schoenberg_1874-1951&Pierrot_Lunaire&1912&Number_8_Night&.mp3 */; };
		282033871E2B7F8300B06A83 /* Arnold_Schoenberg_1874-1951&Pierrot_Lunaire&1912&Number_18_Moon_Fleck&.mp3 in Resources */ = {isa = PBXBuildFile; fileRef = 282033661E2B7F8300B06A83 /* Arnold_Schoenberg_1874-1951&Pierrot_Lunaire&1912&Number_18_Moon_Fleck&.mp3 */; };
		282033881E2B7F8300B06A83 /* Charles_Ives_1874-1954&At_The_River&1922&&.mp3 in Resources */ = {isa = PBXBuildFile; fileRef = 282033671E2B7F8300B06A83 /* Charles_Ives_1874-1954&At_The_River&1922&&.mp3 */; };
		282033891E2B7F8300B06A83 /* Charles_Ives_1874-1954&The_Unanswered_Question&1906&&.mp3 in Resources */ = {isa = PBXBuildFile; fileRef = 282033681E2B7F8300B06A83 /* Charles_Ives_1874-1954&The_Unanswered_Question&1906&&.mp3 */; };
		2820338A1E2B7F8300B06A83 /* Charlie_Parker_1920-1955&Out_Of_Nowhere&1948&&.mp3 in Resources */ = {isa = PBXBuildFile; fileRef = 282033691E2B7F8300B06A83 /* Charlie_Parker_1920-1955&Out_Of_Nowhere&1948&&.mp3 */; };
		2820338B1E2B7F8300B06A83 /* David_Lang_b_1957&Orpheus_Over_and_Under&1989&Part_1&.mp3 in Resources */ = {isa = PBXBuildFile; fileRef = 2820336A1E2B7F8300B06A83 /* David_Lang_b_1957&Orpheus_Over_and_Under&1989&Part_1&.mp3 */; };
		2820338C1E2B7F8300B06A83 /* Duke_Ellington_1899-1974&Conga_Brava&1940&&.mp3 in Resources */ = {isa = PBXBuildFile; fileRef = 2820336B1E2B7F8300B06A83 /* Duke_Ellington_1899-1974&Conga_Brava&1940&&.mp3 */; };
		2820338D1E2B7F8300B06A83 /* George_Gershwin_1898-1937&Rhapsody_In_Blue&1924&&.mp3 in Resources */ = {isa = PBXBuildFile; fileRef = 2820336C1E2B7F8300B06A83 /* George_Gershwin_1898-1937&Rhapsody_In_Blue&1924&&.mp3 */; };
		2820338E1E2B7F8300B06A83 /* Giuseppe_Verdi_(1813-1901)&La_Traviata&1852&Act_1_Brindisi&.mp3 in Resources */ = {isa = PBXBuildFile; fileRef = 2820336D1E2B7F8300B06A83 /* Giuseppe_Verdi_(1813-1901)&La_Traviata&1852&Act_1_Brindisi&.mp3 */; };
		2820338F1E2B7F8300B06A83 /* Giuseppe_Verdi_(1813-1901)&La_Traviata&1852&Act_1_Parigi_O_Cara&.mp3 in Resources */ = {isa = PBXBuildFile; fileRef = 2820336E1E2B7F8300B06A83 /* Giuseppe_Verdi_(1813-1901)&La_Traviata&1852&Act_1_Parigi_O_Cara&.mp3 */; };
		282033901E2B7F8300B06A83 /* Giuseppe_Verdi_(1813-1901)&La_Traviata&1852&Act_1_Sempre_Libera&.mp3 in Resources */ = {isa = PBXBuildFile; fileRef = 2820336F1E2B7F8300B06A83 /* Giuseppe_Verdi_(1813-1901)&La_Traviata&1852&Act_1_Sempre_Libera&.mp3 */; };
		282033911E2B7F8300B06A83 /* Igor_Stavinsky_1882-1971&The_Rite_Of_Spring&1913&Part_1&.mp3 in Resources */ = {isa = PBXBuildFile; fileRef = 282033701E2B7F8300B06A83 /* Igor_Stavinsky_1882-1971&The_Rite_Of_Spring&1913&Part_1&.mp3 */; };
		282033921E2B7F8300B06A83 /* John_Adams_b_1947&Docter_Atomic&2005&Batter_My_Heart&.mp3 in Resources */ = {isa = PBXBuildFile; fileRef = 282033711E2B7F8300B06A83 /* John_Adams_b_1947&Docter_Atomic&2005&Batter_My_Heart&.mp3 */; };
		282033931E2B7F8300B06A83 /* John_Cage_1912-1992&4_33&1952&&.mp3 in Resources */ = {isa = PBXBuildFile; fileRef = 282033721E2B7F8300B06A83 /* John_Cage_1912-1992&4_33&1952&&.mp3 */; };
		282033941E2B7F8300B06A83 /* John_Cage_1912-1992&Perilous_Night&1944&&.mp3 in Resources */ = {isa = PBXBuildFile; fileRef = 282033731E2B7F8300B06A83 /* John_Cage_1912-1992&Perilous_Night&1944&&.mp3 */; };
		282033951E2B7F8300B06A83 /* Ludwig_Van_Beethoven_1770-1827&Symphony_Number_5&1808&Movement_1&.mp3 in Resources */ = {isa = PBXBuildFile; fileRef = 282033741E2B7F8300B06A83 /* Ludwig_Van_Beethoven_1770-1827&Symphony_Number_5&1808&Movement_1&.mp3 */; };
		282033961E2B7F8300B06A83 /* Ludwig_Van_Beethoven_1770-1827&Symphony_Number_9&1824&Movement_1_Allegro&.mp3 in Resources */ = {isa = PBXBuildFile; fileRef = 282033751E2B7F8300B06A83 /* Ludwig_Van_Beethoven_1770-1827&Symphony_Number_9&1824&Movement_1_Allegro&.mp3 */; };
		282033971E2B7F8300B06A83 /* Ludwig_Van_Beethoven_1770-1827&Symphony_Number_9&1824&Movement_2_Presto&.mp3 in Resources */ = {isa = PBXBuildFile; fileRef = 282033761E2B7F8300B06A83 /* Ludwig_Van_Beethoven_1770-1827&Symphony_Number_9&1824&Movement_2_Presto&.mp3 */; };
		282033981E2B7F8300B06A83 /* Ludwig_Van_Beethoven_1770-1827&Symphony_Number_9&1824&Movement_4&.mp3 in Resources */ = {isa = PBXBuildFile; fileRef = 282033771E2B7F8300B06A83 /* Ludwig_Van_Beethoven_1770-1827&Symphony_Number_9&1824&Movement_4&.mp3 */; };
		282033991E2B7F8300B06A83 /* Phillip_Glass_b_1937&Glassworks&1982&Opening&.mp3 in Resources */ = {isa = PBXBuildFile; fileRef = 282033781E2B7F8300B06A83 /* Phillip_Glass_b_1937&Glassworks&1982&Opening&.mp3 */; };
		2820339A1E2B7F8300B06A83 /* Scott_Joplin_1868-1917&Solace_Mexican_Serenade&1909&&.mp3 in Resources */ = {isa = PBXBuildFile; fileRef = 282033791E2B7F8300B06A83 /* Scott_Joplin_1868-1917&Solace_Mexican_Serenade&1909&&.mp3 */; };
		2820339B1E2B7F8300B06A83 /* Sergei_Prokofiev_1898-1937&Alexander_Nevsky&1938&Battle_on_Ice&.mp3 in Resources */ = {isa = PBXBuildFile; fileRef = 2820337A1E2B7F8300B06A83 /* Sergei_Prokofiev_1898-1937&Alexander_Nevsky&1938&Battle_on_Ice&.mp3 */; };
		2820339C1E2B7F8300B06A83 /* Sippie_Wallace_1898-1986&If_You_Ever_Been_Down_Blues&1927&&.mp3 in Resources */ = {isa = PBXBuildFile; fileRef = 2820337B1E2B7F8300B06A83 /* Sippie_Wallace_1898-1986&If_You_Ever_Been_Down_Blues&1927&&.mp3 */; };
		2820339D1E2B7F8300B06A83 /* Steve_Reich_b_1936&Music_For_18_Musicians&1976&Introduction_Pulse&.mp3 in Resources */ = {isa = PBXBuildFile; fileRef = 2820337C1E2B7F8300B06A83 /* Steve_Reich_b_1936&Music_For_18_Musicians&1976&Introduction_Pulse&.mp3 */; };
		2820339E1E2B7F8300B06A83 /* Steve_Reich_b_1936&Music_For_18_Musicians&1976&Section_1&.mp3 in Resources */ = {isa = PBXBuildFile; fileRef = 2820337D1E2B7F8300B06A83 /* Steve_Reich_b_1936&Music_For_18_Musicians&1976&Section_1&.mp3 */; };
		2838FC2A1DB347D400E81ECD /* ShadowedView.swift in Sources */ = {isa = PBXBuildFile; fileRef = 2838FC291DB347D400E81ECD /* ShadowedView.swift */; };
		2838FC2C1DB356D500E81ECD /* SettingsVC.swift in Sources */ = {isa = PBXBuildFile; fileRef = 2838FC2B1DB356D500E81ECD /* SettingsVC.swift */; };
		2838FC2E1DB356FF00E81ECD /* MusicPlayerVC.swift in Sources */ = {isa = PBXBuildFile; fileRef = 2838FC2D1DB356FF00E81ECD /* MusicPlayerVC.swift */; };
		2838FC301DB35B1200E81ECD /* StartScreenVC.swift in Sources */ = {isa = PBXBuildFile; fileRef = 2838FC2F1DB35B1200E81ECD /* StartScreenVC.swift */; };
		28A5A1391DC98649001060B1 /* MusicPlayer.swift in Sources */ = {isa = PBXBuildFile; fileRef = 28A5A1381DC98649001060B1 /* MusicPlayer.swift */; };
		28A5A13B1DC98663001060B1 /* constants.swift in Sources */ = {isa = PBXBuildFile; fileRef = 28A5A13A1DC98663001060B1 /* constants.swift */; };
		28C7254F1DB3ECDB00EBB9F3 /* Settings.swift in Sources */ = {isa = PBXBuildFile; fileRef = 28C7254E1DB3ECDB00EBB9F3 /* Settings.swift */; };
/* End PBXBuildFile section */

/* Begin PBXContainerItemProxy section */
		281CB5221DB194E300593545 /* PBXContainerItemProxy */ = {
			isa = PBXContainerItemProxy;
			containerPortal = 281CB5021DB194E300593545 /* Project object */;
			proxyType = 1;
			remoteGlobalIDString = 281CB5091DB194E300593545;
			remoteInfo = MusicQuiz;
		};
		281CB52D1DB194E300593545 /* PBXContainerItemProxy */ = {
			isa = PBXContainerItemProxy;
			containerPortal = 281CB5021DB194E300593545 /* Project object */;
			proxyType = 1;
			remoteGlobalIDString = 281CB5091DB194E300593545;
			remoteInfo = MusicQuiz;
		};
/* End PBXContainerItemProxy section */

/* Begin PBXFileReference section */
		281CB50A1DB194E300593545 /* MusicQuiz.app */ = {isa = PBXFileReference; explicitFileType = wrapper.application; includeInIndex = 0; path = MusicQuiz.app; sourceTree = BUILT_PRODUCTS_DIR; };
		281CB50D1DB194E300593545 /* AppDelegate.swift */ = {isa = PBXFileReference; lastKnownFileType = sourcecode.swift; path = AppDelegate.swift; sourceTree = "<group>"; };
		281CB5121DB194E300593545 /* Base */ = {isa = PBXFileReference; lastKnownFileType = file.storyboard; name = Base; path = Base.lproj/Main.storyboard; sourceTree = "<group>"; };
		281CB5151DB194E300593545 /* MusicQuiz.xcdatamodel */ = {isa = PBXFileReference; lastKnownFileType = wrapper.xcdatamodel; path = MusicQuiz.xcdatamodel; sourceTree = "<group>"; };
		281CB5171DB194E300593545 /* Assets.xcassets */ = {isa = PBXFileReference; lastKnownFileType = folder.assetcatalog; path = Assets.xcassets; sourceTree = "<group>"; };
		281CB51A1DB194E300593545 /* Base */ = {isa = PBXFileReference; lastKnownFileType = file.storyboard; name = Base; path = Base.lproj/LaunchScreen.storyboard; sourceTree = "<group>"; };
		281CB51C1DB194E300593545 /* Info.plist */ = {isa = PBXFileReference; lastKnownFileType = text.plist.xml; path = Info.plist; sourceTree = "<group>"; };
		281CB5211DB194E300593545 /* MusicQuizTests.xctest */ = {isa = PBXFileReference; explicitFileType = wrapper.cfbundle; includeInIndex = 0; path = MusicQuizTests.xctest; sourceTree = BUILT_PRODUCTS_DIR; };
		281CB5251DB194E300593545 /* MusicQuizTests.swift */ = {isa = PBXFileReference; lastKnownFileType = sourcecode.swift; path = MusicQuizTests.swift; sourceTree = "<group>"; };
		281CB5271DB194E300593545 /* Info.plist */ = {isa = PBXFileReference; lastKnownFileType = text.plist.xml; path = Info.plist; sourceTree = "<group>"; };
		281CB52C1DB194E300593545 /* MusicQuizUITests.xctest */ = {isa = PBXFileReference; explicitFileType = wrapper.cfbundle; includeInIndex = 0; path = MusicQuizUITests.xctest; sourceTree = BUILT_PRODUCTS_DIR; };
		281CB5301DB194E300593545 /* MusicQuizUITests.swift */ = {isa = PBXFileReference; lastKnownFileType = sourcecode.swift; path = MusicQuizUITests.swift; sourceTree = "<group>"; };
		281CB5321DB194E300593545 /* Info.plist */ = {isa = PBXFileReference; lastKnownFileType = text.plist.xml; path = Info.plist; sourceTree = "<group>"; };
		281CB5411DB1971600593545 /* Song.swift */ = {isa = PBXFileReference; fileEncoding = 4; lastKnownFileType = sourcecode.swift; path = Song.swift; sourceTree = "<group>"; };
		281CB5531DB1A5EA00593545 /* QuizVC.swift */ = {isa = PBXFileReference; fileEncoding = 4; lastKnownFileType = sourcecode.swift; path = QuizVC.swift; sourceTree = "<group>"; };
		281CB5581DB1FDFA00593545 /* RoundedButton.swift */ = {isa = PBXFileReference; fileEncoding = 4; lastKnownFileType = sourcecode.swift; path = RoundedButton.swift; sourceTree = "<group>"; };
		281CB55A1DB207DB00593545 /* ResultsVC.swift */ = {isa = PBXFileReference; fileEncoding = 4; lastKnownFileType = sourcecode.swift; path = ResultsVC.swift; sourceTree = "<group>"; };
		2820335D1E2B7F8300B06A83 /* Aaron_Copland_1900-1990&Appalachian_Spring&1952&Section_1&.mp3 */ = {isa = PBXFileReference; lastKnownFileType = audio.mp3; path = "Aaron_Copland_1900-1990&Appalachian_Spring&1952&Section_1&.mp3"; sourceTree = "<group>"; };
		2820335E1E2B7F8300B06A83 /* Aaron_Copland_1900-1990&Appalachian_Spring&1952&Section_2_Allegro&.mp3 */ = {isa = PBXFileReference; lastKnownFileType = audio.mp3; path = "Aaron_Copland_1900-1990&Appalachian_Spring&1952&Section_2_Allegro&.mp3"; sourceTree = "<group>"; };
		2820335F1E2B7F8300B06A83 /* Aaron_Copland_1900-1990&Appalachian_Spring&1952&Section_3&Moderato&.mp3 */ = {isa = PBXFileReference; lastKnownFileType = audio.mp3; path = "Aaron_Copland_1900-1990&Appalachian_Spring&1952&Section_3&Moderato&.mp3"; sourceTree = "<group>"; };
		282033601E2B7F8300B06A83 /* Aaron_Copland_1900-1990&Appalachian_Spring&1952&Section_4&Molto_Moderato&.mp3 */ = {isa = PBXFileReference; lastKnownFileType = audio.mp3; path = "Aaron_Copland_1900-1990&Appalachian_Spring&1952&Section_4&Molto_Moderato&.mp3"; sourceTree = "<group>"; };
		282033611E2B7F8300B06A83 /* Aaron_Copland_1900-1990&Appalachian_Spring&1952&Section_5&Meno_Moss&.mp3 */ = {isa = PBXFileReference; lastKnownFileType = audio.mp3; path = "Aaron_Copland_1900-1990&Appalachian_Spring&1952&Section_5&Meno_Moss&.mp3"; sourceTree = "<group>"; };
		282033621E2B7F8300B06A83 /* Aaron_Copland_1900-1990&At_The_River&1952&Slowly&.mp3 */ = {isa = PBXFileReference; lastKnownFileType = audio.mp3; path = "Aaron_Copland_1900-1990&At_The_River&1952&Slowly&.mp3"; sourceTree = "<group>"; };
		282033631E2B7F8300B06A83 /* Adolphe_Adam_1803-1856&Giselle&1841&Act_1&.mp3 */ = {isa = PBXFileReference; lastKnownFileType = audio.mp3; path = "Adolphe_Adam_1803-1856&Giselle&1841&Act_1&.mp3"; sourceTree = "<group>"; };
		282033641E2B7F8300B06A83 /* Arnold_Schoenberg_1874-1951&Five_Piece_Orchestra&1911&Movement_3_Farben&.mp3 */ = {isa = PBXFileReference; lastKnownFileType = audio.mp3; path = "Arnold_Schoenberg_1874-1951&Five_Piece_Orchestra&1911&Movement_3_Farben&.mp3"; sourceTree = "<group>"; };
		282033651E2B7F8300B06A83 /* Arnold_Schoenberg_1874-1951&Pierrot_Lunaire&1912&Number_8_Night&.mp3 */ = {isa = PBXFileReference; lastKnownFileType = audio.mp3; path = "Arnold_Schoenberg_1874-1951&Pierrot_Lunaire&1912&Number_8_Night&.mp3"; sourceTree = "<group>"; };
		282033661E2B7F8300B06A83 /* Arnold_Schoenberg_1874-1951&Pierrot_Lunaire&1912&Number_18_Moon_Fleck&.mp3 */ = {isa = PBXFileReference; lastKnownFileType = audio.mp3; path = "Arnold_Schoenberg_1874-1951&Pierrot_Lunaire&1912&Number_18_Moon_Fleck&.mp3"; sourceTree = "<group>"; };
		282033671E2B7F8300B06A83 /* Charles_Ives_1874-1954&At_The_River&1922&&.mp3 */ = {isa = PBXFileReference; lastKnownFileType = audio.mp3; path = "Charles_Ives_1874-1954&At_The_River&1922&&.mp3"; sourceTree = "<group>"; };
		282033681E2B7F8300B06A83 /* Charles_Ives_1874-1954&The_Unanswered_Question&1906&&.mp3 */ = {isa = PBXFileReference; lastKnownFileType = audio.mp3; path = "Charles_Ives_1874-1954&The_Unanswered_Question&1906&&.mp3"; sourceTree = "<group>"; };
		282033691E2B7F8300B06A83 /* Charlie_Parker_1920-1955&Out_Of_Nowhere&1948&&.mp3 */ = {isa = PBXFileReference; lastKnownFileType = audio.mp3; path = "Charlie_Parker_1920-1955&Out_Of_Nowhere&1948&&.mp3"; sourceTree = "<group>"; };
		2820336A1E2B7F8300B06A83 /* David_Lang_b_1957&Orpheus_Over_and_Under&1989&Part_1&.mp3 */ = {isa = PBXFileReference; lastKnownFileType = audio.mp3; path = "David_Lang_b_1957&Orpheus_Over_and_Under&1989&Part_1&.mp3"; sourceTree = "<group>"; };
		2820336B1E2B7F8300B06A83 /* Duke_Ellington_1899-1974&Conga_Brava&1940&&.mp3 */ = {isa = PBXFileReference; lastKnownFileType = audio.mp3; path = "Duke_Ellington_1899-1974&Conga_Brava&1940&&.mp3"; sourceTree = "<group>"; };
		2820336C1E2B7F8300B06A83 /* George_Gershwin_1898-1937&Rhapsody_In_Blue&1924&&.mp3 */ = {isa = PBXFileReference; lastKnownFileType = audio.mp3; path = "George_Gershwin_1898-1937&Rhapsody_In_Blue&1924&&.mp3"; sourceTree = "<group>"; };
		2820336D1E2B7F8300B06A83 /* Giuseppe_Verdi_(1813-1901)&La_Traviata&1852&Act_1_Brindisi&.mp3 */ = {isa = PBXFileReference; lastKnownFileType = audio.mp3; path = "Giuseppe_Verdi_(1813-1901)&La_Traviata&1852&Act_1_Brindisi&.mp3"; sourceTree = "<group>"; };
		2820336E1E2B7F8300B06A83 /* Giuseppe_Verdi_(1813-1901)&La_Traviata&1852&Act_1_Parigi_O_Cara&.mp3 */ = {isa = PBXFileReference; lastKnownFileType = audio.mp3; path = "Giuseppe_Verdi_(1813-1901)&La_Traviata&1852&Act_1_Parigi_O_Cara&.mp3"; sourceTree = "<group>"; };
		2820336F1E2B7F8300B06A83 /* Giuseppe_Verdi_(1813-1901)&La_Traviata&1852&Act_1_Sempre_Libera&.mp3 */ = {isa = PBXFileReference; lastKnownFileType = audio.mp3; path = "Giuseppe_Verdi_(1813-1901)&La_Traviata&1852&Act_1_Sempre_Libera&.mp3"; sourceTree = "<group>"; };
		282033701E2B7F8300B06A83 /* Igor_Stavinsky_1882-1971&The_Rite_Of_Spring&1913&Part_1&.mp3 */ = {isa = PBXFileReference; lastKnownFileType = audio.mp3; path = "Igor_Stavinsky_1882-1971&The_Rite_Of_Spring&1913&Part_1&.mp3"; sourceTree = "<group>"; };
		282033711E2B7F8300B06A83 /* John_Adams_b_1947&Docter_Atomic&2005&Batter_My_Heart&.mp3 */ = {isa = PBXFileReference; lastKnownFileType = audio.mp3; path = "John_Adams_b_1947&Docter_Atomic&2005&Batter_My_Heart&.mp3"; sourceTree = "<group>"; };
		282033721E2B7F8300B06A83 /* John_Cage_1912-1992&4_33&1952&&.mp3 */ = {isa = PBXFileReference; lastKnownFileType = audio.mp3; path = "John_Cage_1912-1992&4_33&1952&&.mp3"; sourceTree = "<group>"; };
		282033731E2B7F8300B06A83 /* John_Cage_1912-1992&Perilous_Night&1944&&.mp3 */ = {isa = PBXFileReference; lastKnownFileType = audio.mp3; path = "John_Cage_1912-1992&Perilous_Night&1944&&.mp3"; sourceTree = "<group>"; };
		282033741E2B7F8300B06A83 /* Ludwig_Van_Beethoven_1770-1827&Symphony_Number_5&1808&Movement_1&.mp3 */ = {isa = PBXFileReference; lastKnownFileType = audio.mp3; path = "Ludwig_Van_Beethoven_1770-1827&Symphony_Number_5&1808&Movement_1&.mp3"; sourceTree = "<group>"; };
		282033751E2B7F8300B06A83 /* Ludwig_Van_Beethoven_1770-1827&Symphony_Number_9&1824&Movement_1_Allegro&.mp3 */ = {isa = PBXFileReference; lastKnownFileType = audio.mp3; path = "Ludwig_Van_Beethoven_1770-1827&Symphony_Number_9&1824&Movement_1_Allegro&.mp3"; sourceTree = "<group>"; };
		282033761E2B7F8300B06A83 /* Ludwig_Van_Beethoven_1770-1827&Symphony_Number_9&1824&Movement_2_Presto&.mp3 */ = {isa = PBXFileReference; lastKnownFileType = audio.mp3; path = "Ludwig_Van_Beethoven_1770-1827&Symphony_Number_9&1824&Movement_2_Presto&.mp3"; sourceTree = "<group>"; };
		282033771E2B7F8300B06A83 /* Ludwig_Van_Beethoven_1770-1827&Symphony_Number_9&1824&Movement_4&.mp3 */ = {isa = PBXFileReference; lastKnownFileType = audio.mp3; path = "Ludwig_Van_Beethoven_1770-1827&Symphony_Number_9&1824&Movement_4&.mp3"; sourceTree = "<group>"; };
		282033781E2B7F8300B06A83 /* Phillip_Glass_b_1937&Glassworks&1982&Opening&.mp3 */ = {isa = PBXFileReference; lastKnownFileType = audio.mp3; path = "Phillip_Glass_b_1937&Glassworks&1982&Opening&.mp3"; sourceTree = "<group>"; };
		282033791E2B7F8300B06A83 /* Scott_Joplin_1868-1917&Solace_Mexican_Serenade&1909&&.mp3 */ = {isa = PBXFileReference; lastKnownFileType = audio.mp3; path = "Scott_Joplin_1868-1917&Solace_Mexican_Serenade&1909&&.mp3"; sourceTree = "<group>"; };
		2820337A1E2B7F8300B06A83 /* Sergei_Prokofiev_1898-1937&Alexander_Nevsky&1938&Battle_on_Ice&.mp3 */ = {isa = PBXFileReference; lastKnownFileType = audio.mp3; path = "Sergei_Prokofiev_1898-1937&Alexander_Nevsky&1938&Battle_on_Ice&.mp3"; sourceTree = "<group>"; };
		2820337B1E2B7F8300B06A83 /* Sippie_Wallace_1898-1986&If_You_Ever_Been_Down_Blues&1927&&.mp3 */ = {isa = PBXFileReference; lastKnownFileType = audio.mp3; path = "Sippie_Wallace_1898-1986&If_You_Ever_Been_Down_Blues&1927&&.mp3"; sourceTree = "<group>"; };
		2820337C1E2B7F8300B06A83 /* Steve_Reich_b_1936&Music_For_18_Musicians&1976&Introduction_Pulse&.mp3 */ = {isa = PBXFileReference; lastKnownFileType = audio.mp3; path = "Steve_Reich_b_1936&Music_For_18_Musicians&1976&Introduction_Pulse&.mp3"; sourceTree = "<group>"; };
		2820337D1E2B7F8300B06A83 /* Steve_Reich_b_1936&Music_For_18_Musicians&1976&Section_1&.mp3 */ = {isa = PBXFileReference; lastKnownFileType = audio.mp3; path = "Steve_Reich_b_1936&Music_For_18_Musicians&1976&Section_1&.mp3"; sourceTree = "<group>"; };
		2838FC291DB347D400E81ECD /* ShadowedView.swift */ = {isa = PBXFileReference; fileEncoding = 4; lastKnownFileType = sourcecode.swift; path = ShadowedView.swift; sourceTree = "<group>"; };
		2838FC2B1DB356D500E81ECD /* SettingsVC.swift */ = {isa = PBXFileReference; fileEncoding = 4; lastKnownFileType = sourcecode.swift; path = SettingsVC.swift; sourceTree = "<group>"; };
		2838FC2D1DB356FF00E81ECD /* MusicPlayerVC.swift */ = {isa = PBXFileReference; fileEncoding = 4; lastKnownFileType = sourcecode.swift; path = MusicPlayerVC.swift; sourceTree = "<group>"; };
		2838FC2F1DB35B1200E81ECD /* StartScreenVC.swift */ = {isa = PBXFileReference; fileEncoding = 4; lastKnownFileType = sourcecode.swift; path = StartScreenVC.swift; sourceTree = "<group>"; };
		28A5A1381DC98649001060B1 /* MusicPlayer.swift */ = {isa = PBXFileReference; fileEncoding = 4; lastKnownFileType = sourcecode.swift; path = MusicPlayer.swift; sourceTree = "<group>"; };
		28A5A13A1DC98663001060B1 /* constants.swift */ = {isa = PBXFileReference; fileEncoding = 4; lastKnownFileType = sourcecode.swift; name = constants.swift; path = ../constants.swift; sourceTree = "<group>"; };
		28C7254E1DB3ECDB00EBB9F3 /* Settings.swift */ = {isa = PBXFileReference; fileEncoding = 4; lastKnownFileType = sourcecode.swift; path = Settings.swift; sourceTree = "<group>"; };
/* End PBXFileReference section */

/* Begin PBXFrameworksBuildPhase section */
		281CB5071DB194E300593545 /* Frameworks */ = {
			isa = PBXFrameworksBuildPhase;
			buildActionMask = 2147483647;
			files = (
			);
			runOnlyForDeploymentPostprocessing = 0;
		};
		281CB51E1DB194E300593545 /* Frameworks */ = {
			isa = PBXFrameworksBuildPhase;
			buildActionMask = 2147483647;
			files = (
			);
			runOnlyForDeploymentPostprocessing = 0;
		};
		281CB5291DB194E300593545 /* Frameworks */ = {
			isa = PBXFrameworksBuildPhase;
			buildActionMask = 2147483647;
			files = (
			);
			runOnlyForDeploymentPostprocessing = 0;
		};
/* End PBXFrameworksBuildPhase section */

/* Begin PBXGroup section */
		281CB5011DB194E300593545 = {
			isa = PBXGroup;
			children = (
				281CB50C1DB194E300593545 /* MusicQuiz */,
				281CB53E1DB196DC00593545 /* Songs */,
				281CB5241DB194E300593545 /* MusicQuizTests */,
				281CB52F1DB194E300593545 /* MusicQuizUITests */,
				281CB50B1DB194E300593545 /* Products */,
			);
			sourceTree = "<group>";
		};
		281CB50B1DB194E300593545 /* Products */ = {
			isa = PBXGroup;
			children = (
				281CB50A1DB194E300593545 /* MusicQuiz.app */,
				281CB5211DB194E300593545 /* MusicQuizTests.xctest */,
				281CB52C1DB194E300593545 /* MusicQuizUITests.xctest */,
			);
			name = Products;
			sourceTree = "<group>";
		};
		281CB50C1DB194E300593545 /* MusicQuiz */ = {
			isa = PBXGroup;
			children = (
				281CB50D1DB194E300593545 /* AppDelegate.swift */,
				28A5A13A1DC98663001060B1 /* constants.swift */,
				281CB55E1DB225D700593545 /* Modal */,
				281CB55C1DB2125500593545 /* Controller */,
				281CB55D1DB21BE100593545 /* View */,
				281CB5171DB194E300593545 /* Assets.xcassets */,
				281CB5191DB194E300593545 /* LaunchScreen.storyboard */,
				281CB51C1DB194E300593545 /* Info.plist */,
				281CB5141DB194E300593545 /* MusicQuiz.xcdatamodeld */,
			);
			path = MusicQuiz;
			sourceTree = "<group>";
		};
		281CB5241DB194E300593545 /* MusicQuizTests */ = {
			isa = PBXGroup;
			children = (
				281CB5251DB194E300593545 /* MusicQuizTests.swift */,
				281CB5271DB194E300593545 /* Info.plist */,
			);
			path = MusicQuizTests;
			sourceTree = "<group>";
		};
		281CB52F1DB194E300593545 /* MusicQuizUITests */ = {
			isa = PBXGroup;
			children = (
				281CB5301DB194E300593545 /* MusicQuizUITests.swift */,
				281CB5321DB194E300593545 /* Info.plist */,
			);
			path = MusicQuizUITests;
			sourceTree = "<group>";
		};
		281CB53E1DB196DC00593545 /* Songs */ = {
			isa = PBXGroup;
			children = (
				2820335D1E2B7F8300B06A83 /* Aaron_Copland_1900-1990&Appalachian_Spring&1952&Section_1&.mp3 */,
				2820335E1E2B7F8300B06A83 /* Aaron_Copland_1900-1990&Appalachian_Spring&1952&Section_2_Allegro&.mp3 */,
				2820335F1E2B7F8300B06A83 /* Aaron_Copland_1900-1990&Appalachian_Spring&1952&Section_3&Moderato&.mp3 */,
				282033601E2B7F8300B06A83 /* Aaron_Copland_1900-1990&Appalachian_Spring&1952&Section_4&Molto_Moderato&.mp3 */,
				282033611E2B7F8300B06A83 /* Aaron_Copland_1900-1990&Appalachian_Spring&1952&Section_5&Meno_Moss&.mp3 */,
				282033621E2B7F8300B06A83 /* Aaron_Copland_1900-1990&At_The_River&1952&Slowly&.mp3 */,
				282033631E2B7F8300B06A83 /* Adolphe_Adam_1803-1856&Giselle&1841&Act_1&.mp3 */,
				282033641E2B7F8300B06A83 /* Arnold_Schoenberg_1874-1951&Five_Piece_Orchestra&1911&Movement_3_Farben&.mp3 */,
				282033651E2B7F8300B06A83 /* Arnold_Schoenberg_1874-1951&Pierrot_Lunaire&1912&Number_8_Night&.mp3 */,
				282033661E2B7F8300B06A83 /* Arnold_Schoenberg_1874-1951&Pierrot_Lunaire&1912&Number_18_Moon_Fleck&.mp3 */,
				282033671E2B7F8300B06A83 /* Charles_Ives_1874-1954&At_The_River&1922&&.mp3 */,
				282033681E2B7F8300B06A83 /* Charles_Ives_1874-1954&The_Unanswered_Question&1906&&.mp3 */,
				282033691E2B7F8300B06A83 /* Charlie_Parker_1920-1955&Out_Of_Nowhere&1948&&.mp3 */,
				2820336A1E2B7F8300B06A83 /* David_Lang_b_1957&Orpheus_Over_and_Under&1989&Part_1&.mp3 */,
				2820336B1E2B7F8300B06A83 /* Duke_Ellington_1899-1974&Conga_Brava&1940&&.mp3 */,
				2820336C1E2B7F8300B06A83 /* George_Gershwin_1898-1937&Rhapsody_In_Blue&1924&&.mp3 */,
				2820336D1E2B7F8300B06A83 /* Giuseppe_Verdi_(1813-1901)&La_Traviata&1852&Act_1_Brindisi&.mp3 */,
				2820336E1E2B7F8300B06A83 /* Giuseppe_Verdi_(1813-1901)&La_Traviata&1852&Act_1_Parigi_O_Cara&.mp3 */,
				2820336F1E2B7F8300B06A83 /* Giuseppe_Verdi_(1813-1901)&La_Traviata&1852&Act_1_Sempre_Libera&.mp3 */,
				282033701E2B7F8300B06A83 /* Igor_Stavinsky_1882-1971&The_Rite_Of_Spring&1913&Part_1&.mp3 */,
				282033711E2B7F8300B06A83 /* John_Adams_b_1947&Docter_Atomic&2005&Batter_My_Heart&.mp3 */,
				282033721E2B7F8300B06A83 /* John_Cage_1912-1992&4_33&1952&&.mp3 */,
				282033731E2B7F8300B06A83 /* John_Cage_1912-1992&Perilous_Night&1944&&.mp3 */,
				282033741E2B7F8300B06A83 /* Ludwig_Van_Beethoven_1770-1827&Symphony_Number_5&1808&Movement_1&.mp3 */,
				282033751E2B7F8300B06A83 /* Ludwig_Van_Beethoven_1770-1827&Symphony_Number_9&1824&Movement_1_Allegro&.mp3 */,
				282033761E2B7F8300B06A83 /* Ludwig_Van_Beethoven_1770-1827&Symphony_Number_9&1824&Movement_2_Presto&.mp3 */,
				282033771E2B7F8300B06A83 /* Ludwig_Van_Beethoven_1770-1827&Symphony_Number_9&1824&Movement_4&.mp3 */,
				282033781E2B7F8300B06A83 /* Phillip_Glass_b_1937&Glassworks&1982&Opening&.mp3 */,
				282033791E2B7F8300B06A83 /* Scott_Joplin_1868-1917&Solace_Mexican_Serenade&1909&&.mp3 */,
				2820337A1E2B7F8300B06A83 /* Sergei_Prokofiev_1898-1937&Alexander_Nevsky&1938&Battle_on_Ice&.mp3 */,
				2820337B1E2B7F8300B06A83 /* Sippie_Wallace_1898-1986&If_You_Ever_Been_Down_Blues&1927&&.mp3 */,
				2820337C1E2B7F8300B06A83 /* Steve_Reich_b_1936&Music_For_18_Musicians&1976&Introduction_Pulse&.mp3 */,
				2820337D1E2B7F8300B06A83 /* Steve_Reich_b_1936&Music_For_18_Musicians&1976&Section_1&.mp3 */,
			);
			name = Songs;
			path = MusicQuiz;
			sourceTree = "<group>";
		};
		281CB55C1DB2125500593545 /* Controller */ = {
			isa = PBXGroup;
			children = (
				2838FC2B1DB356D500E81ECD /* SettingsVC.swift */,
				2838FC2F1DB35B1200E81ECD /* StartScreenVC.swift */,
				2838FC2D1DB356FF00E81ECD /* MusicPlayerVC.swift */,
				281CB5531DB1A5EA00593545 /* QuizVC.swift */,
				28C7254E1DB3ECDB00EBB9F3 /* Settings.swift */,
				281CB55A1DB207DB00593545 /* ResultsVC.swift */,
			);
			name = Controller;
			sourceTree = "<group>";
		};
		281CB55D1DB21BE100593545 /* View */ = {
			isa = PBXGroup;
			children = (
				281CB5111DB194E300593545 /* Main.storyboard */,
				281CB5581DB1FDFA00593545 /* RoundedButton.swift */,
				2838FC291DB347D400E81ECD /* ShadowedView.swift */,
			);
			name = View;
			sourceTree = "<group>";
		};
		281CB55E1DB225D700593545 /* Modal */ = {
			isa = PBXGroup;
			children = (
				281CB5411DB1971600593545 /* Song.swift */,
				28A5A1381DC98649001060B1 /* MusicPlayer.swift */,
			);
			name = Modal;
			sourceTree = "<group>";
		};
/* End PBXGroup section */

/* Begin PBXNativeTarget section */
		281CB5091DB194E300593545 /* MusicQuiz */ = {
			isa = PBXNativeTarget;
			buildConfigurationList = 281CB5351DB194E300593545 /* Build configuration list for PBXNativeTarget "MusicQuiz" */;
			buildPhases = (
				281CB5061DB194E300593545 /* Sources */,
				281CB5071DB194E300593545 /* Frameworks */,
				281CB5081DB194E300593545 /* Resources */,
			);
			buildRules = (
			);
			dependencies = (
			);
			name = MusicQuiz;
			productName = MusicQuiz;
			productReference = 281CB50A1DB194E300593545 /* MusicQuiz.app */;
			productType = "com.apple.product-type.application";
		};
		281CB5201DB194E300593545 /* MusicQuizTests */ = {
			isa = PBXNativeTarget;
			buildConfigurationList = 281CB5381DB194E300593545 /* Build configuration list for PBXNativeTarget "MusicQuizTests" */;
			buildPhases = (
				281CB51D1DB194E300593545 /* Sources */,
				281CB51E1DB194E300593545 /* Frameworks */,
				281CB51F1DB194E300593545 /* Resources */,
			);
			buildRules = (
			);
			dependencies = (
				281CB5231DB194E300593545 /* PBXTargetDependency */,
			);
			name = MusicQuizTests;
			productName = MusicQuizTests;
			productReference = 281CB5211DB194E300593545 /* MusicQuizTests.xctest */;
			productType = "com.apple.product-type.bundle.unit-test";
		};
		281CB52B1DB194E300593545 /* MusicQuizUITests */ = {
			isa = PBXNativeTarget;
			buildConfigurationList = 281CB53B1DB194E300593545 /* Build configuration list for PBXNativeTarget "MusicQuizUITests" */;
			buildPhases = (
				281CB5281DB194E300593545 /* Sources */,
				281CB5291DB194E300593545 /* Frameworks */,
				281CB52A1DB194E300593545 /* Resources */,
			);
			buildRules = (
			);
			dependencies = (
				281CB52E1DB194E300593545 /* PBXTargetDependency */,
			);
			name = MusicQuizUITests;
			productName = MusicQuizUITests;
			productReference = 281CB52C1DB194E300593545 /* MusicQuizUITests.xctest */;
			productType = "com.apple.product-type.bundle.ui-testing";
		};
/* End PBXNativeTarget section */

/* Begin PBXProject section */
		281CB5021DB194E300593545 /* Project object */ = {
			isa = PBXProject;
			attributes = {
				LastSwiftUpdateCheck = 0800;
				LastUpgradeCheck = 0800;
				ORGANIZATIONNAME = "Yosvani Lopez";
				TargetAttributes = {
					281CB5091DB194E300593545 = {
						CreatedOnToolsVersion = 8.0;
						DevelopmentTeam = DPY5934975;
						ProvisioningStyle = Automatic;
						SystemCapabilities = {
							com.apple.BackgroundModes = {
								enabled = 1;
							};
						};
					};
					281CB5201DB194E300593545 = {
						CreatedOnToolsVersion = 8.0;
						DevelopmentTeam = DPY5934975;
						ProvisioningStyle = Automatic;
						TestTargetID = 281CB5091DB194E300593545;
					};
					281CB52B1DB194E300593545 = {
						CreatedOnToolsVersion = 8.0;
						DevelopmentTeam = DPY5934975;
						ProvisioningStyle = Automatic;
						TestTargetID = 281CB5091DB194E300593545;
					};
				};
			};
			buildConfigurationList = 281CB5051DB194E300593545 /* Build configuration list for PBXProject "MusicQuiz" */;
			compatibilityVersion = "Xcode 3.2";
			developmentRegion = English;
			hasScannedForEncodings = 0;
			knownRegions = (
				en,
				Base,
			);
			mainGroup = 281CB5011DB194E300593545;
			productRefGroup = 281CB50B1DB194E300593545 /* Products */;
			projectDirPath = "";
			projectRoot = "";
			targets = (
				281CB5091DB194E300593545 /* MusicQuiz */,
				281CB5201DB194E300593545 /* MusicQuizTests */,
				281CB52B1DB194E300593545 /* MusicQuizUITests */,
			);
		};
/* End PBXProject section */

/* Begin PBXResourcesBuildPhase section */
		281CB5081DB194E300593545 /* Resources */ = {
			isa = PBXResourcesBuildPhase;
			buildActionMask = 2147483647;
			files = (
				282033801E2B7F8300B06A83 /* Aaron_Copland_1900-1990&Appalachian_Spring&1952&Section_3&Moderato&.mp3 in Resources */,
				282033951E2B7F8300B06A83 /* Ludwig_Van_Beethoven_1770-1827&Symphony_Number_5&1808&Movement_1&.mp3 in Resources */,
				282033931E2B7F8300B06A83 /* John_Cage_1912-1992&4_33&1952&&.mp3 in Resources */,
				282033901E2B7F8300B06A83 /* Giuseppe_Verdi_(1813-1901)&La_Traviata&1852&Act_1_Sempre_Libera&.mp3 in Resources */,
				2820337E1E2B7F8300B06A83 /* Aaron_Copland_1900-1990&Appalachian_Spring&1952&Section_1&.mp3 in Resources */,
				282033991E2B7F8300B06A83 /* Phillip_Glass_b_1937&Glassworks&1982&Opening&.mp3 in Resources */,
				282033961E2B7F8300B06A83 /* Ludwig_Van_Beethoven_1770-1827&Symphony_Number_9&1824&Movement_1_Allegro&.mp3 in Resources */,
				282033871E2B7F8300B06A83 /* Arnold_Schoenberg_1874-1951&Pierrot_Lunaire&1912&Number_18_Moon_Fleck&.mp3 in Resources */,
				281CB51B1DB194E300593545 /* LaunchScreen.storyboard in Resources */,
				2820338F1E2B7F8300B06A83 /* Giuseppe_Verdi_(1813-1901)&La_Traviata&1852&Act_1_Parigi_O_Cara&.mp3 in Resources */,
				282033981E2B7F8300B06A83 /* Ludwig_Van_Beethoven_1770-1827&Symphony_Number_9&1824&Movement_4&.mp3 in Resources */,
				2820339B1E2B7F8300B06A83 /* Sergei_Prokofiev_1898-1937&Alexander_Nevsky&1938&Battle_on_Ice&.mp3 in Resources */,
				282033921E2B7F8300B06A83 /* John_Adams_b_1947&Docter_Atomic&2005&Batter_My_Heart&.mp3 in Resources */,
				282033861E2B7F8300B06A83 /* Arnold_Schoenberg_1874-1951&Pierrot_Lunaire&1912&Number_8_Night&.mp3 in Resources */,
				2820337F1E2B7F8300B06A83 /* Aaron_Copland_1900-1990&Appalachian_Spring&1952&Section_2_Allegro&.mp3 in Resources */,
				2820339D1E2B7F8300B06A83 /* Steve_Reich_b_1936&Music_For_18_Musicians&1976&Introduction_Pulse&.mp3 in Resources */,
				282033821E2B7F8300B06A83 /* Aaron_Copland_1900-1990&Appalachian_Spring&1952&Section_5&Meno_Moss&.mp3 in Resources */,
				2820339C1E2B7F8300B06A83 /* Sippie_Wallace_1898-1986&If_You_Ever_Been_Down_Blues&1927&&.mp3 in Resources */,
				282033971E2B7F8300B06A83 /* Ludwig_Van_Beethoven_1770-1827&Symphony_Number_9&1824&Movement_2_Presto&.mp3 in Resources */,
				2820339A1E2B7F8300B06A83 /* Scott_Joplin_1868-1917&Solace_Mexican_Serenade&1909&&.mp3 in Resources */,
				282033941E2B7F8300B06A83 /* John_Cage_1912-1992&Perilous_Night&1944&&.mp3 in Resources */,
				281CB5181DB194E300593545 /* Assets.xcassets in Resources */,
				281CB5131DB194E300593545 /* Main.storyboard in Resources */,
				2820338A1E2B7F8300B06A83 /* Charlie_Parker_1920-1955&Out_Of_Nowhere&1948&&.mp3 in Resources */,
				282033851E2B7F8300B06A83 /* Arnold_Schoenberg_1874-1951&Five_Piece_Orchestra&1911&Movement_3_Farben&.mp3 in Resources */,
				282033841E2B7F8300B06A83 /* Adolphe_Adam_1803-1856&Giselle&1841&Act_1&.mp3 in Resources */,
				2820338E1E2B7F8300B06A83 /* Giuseppe_Verdi_(1813-1901)&La_Traviata&1852&Act_1_Brindisi&.mp3 in Resources */,
				282033881E2B7F8300B06A83 /* Charles_Ives_1874-1954&At_The_River&1922&&.mp3 in Resources */,
				2820338D1E2B7F8300B06A83 /* George_Gershwin_1898-1937&Rhapsody_In_Blue&1924&&.mp3 in Resources */,
				2820339E1E2B7F8300B06A83 /* Steve_Reich_b_1936&Music_For_18_Musicians&1976&Section_1&.mp3 in Resources */,
				282033891E2B7F8300B06A83 /* Charles_Ives_1874-1954&The_Unanswered_Question&1906&&.mp3 in Resources */,
				2820338C1E2B7F8300B06A83 /* Duke_Ellington_1899-1974&Conga_Brava&1940&&.mp3 in Resources */,
				2820338B1E2B7F8300B06A83 /* David_Lang_b_1957&Orpheus_Over_and_Under&1989&Part_1&.mp3 in Resources */,
				282033911E2B7F8300B06A83 /* Igor_Stavinsky_1882-1971&The_Rite_Of_Spring&1913&Part_1&.mp3 in Resources */,
				282033831E2B7F8300B06A83 /* Aaron_Copland_1900-1990&At_The_River&1952&Slowly&.mp3 in Resources */,
				282033811E2B7F8300B06A83 /* Aaron_Copland_1900-1990&Appalachian_Spring&1952&Section_4&Molto_Moderato&.mp3 in Resources */,
			);
			runOnlyForDeploymentPostprocessing = 0;
		};
		281CB51F1DB194E300593545 /* Resources */ = {
			isa = PBXResourcesBuildPhase;
			buildActionMask = 2147483647;
			files = (
			);
			runOnlyForDeploymentPostprocessing = 0;
		};
		281CB52A1DB194E300593545 /* Resources */ = {
			isa = PBXResourcesBuildPhase;
			buildActionMask = 2147483647;
			files = (
			);
			runOnlyForDeploymentPostprocessing = 0;
		};
/* End PBXResourcesBuildPhase section */

/* Begin PBXSourcesBuildPhase section */
		281CB5061DB194E300593545 /* Sources */ = {
			isa = PBXSourcesBuildPhase;
			buildActionMask = 2147483647;
			files = (
				28A5A1391DC98649001060B1 /* MusicPlayer.swift in Sources */,
				281CB55B1DB207DB00593545 /* ResultsVC.swift in Sources */,
				281CB5421DB1971600593545 /* Song.swift in Sources */,
				28A5A13B1DC98663001060B1 /* constants.swift in Sources */,
				281CB5591DB1FDFA00593545 /* RoundedButton.swift in Sources */,
				281CB5541DB1A5EA00593545 /* QuizVC.swift in Sources */,
				2838FC2E1DB356FF00E81ECD /* MusicPlayerVC.swift in Sources */,
				281CB50E1DB194E300593545 /* AppDelegate.swift in Sources */,
				281CB5161DB194E300593545 /* MusicQuiz.xcdatamodeld in Sources */,
				2838FC2A1DB347D400E81ECD /* ShadowedView.swift in Sources */,
				2838FC2C1DB356D500E81ECD /* SettingsVC.swift in Sources */,
				28C7254F1DB3ECDB00EBB9F3 /* Settings.swift in Sources */,
				2838FC301DB35B1200E81ECD /* StartScreenVC.swift in Sources */,
			);
			runOnlyForDeploymentPostprocessing = 0;
		};
		281CB51D1DB194E300593545 /* Sources */ = {
			isa = PBXSourcesBuildPhase;
			buildActionMask = 2147483647;
			files = (
				281CB5261DB194E300593545 /* MusicQuizTests.swift in Sources */,
			);
			runOnlyForDeploymentPostprocessing = 0;
		};
		281CB5281DB194E300593545 /* Sources */ = {
			isa = PBXSourcesBuildPhase;
			buildActionMask = 2147483647;
			files = (
				281CB5311DB194E300593545 /* MusicQuizUITests.swift in Sources */,
			);
			runOnlyForDeploymentPostprocessing = 0;
		};
/* End PBXSourcesBuildPhase section */

/* Begin PBXTargetDependency section */
		281CB5231DB194E300593545 /* PBXTargetDependency */ = {
			isa = PBXTargetDependency;
			target = 281CB5091DB194E300593545 /* MusicQuiz */;
			targetProxy = 281CB5221DB194E300593545 /* PBXContainerItemProxy */;
		};
		281CB52E1DB194E300593545 /* PBXTargetDependency */ = {
			isa = PBXTargetDependency;
			target = 281CB5091DB194E300593545 /* MusicQuiz */;
			targetProxy = 281CB52D1DB194E300593545 /* PBXContainerItemProxy */;
		};
/* End PBXTargetDependency section */

/* Begin PBXVariantGroup section */
		281CB5111DB194E300593545 /* Main.storyboard */ = {
			isa = PBXVariantGroup;
			children = (
				281CB5121DB194E300593545 /* Base */,
			);
			name = Main.storyboard;
			sourceTree = "<group>";
		};
		281CB5191DB194E300593545 /* LaunchScreen.storyboard */ = {
			isa = PBXVariantGroup;
			children = (
				281CB51A1DB194E300593545 /* Base */,
			);
			name = LaunchScreen.storyboard;
			sourceTree = "<group>";
		};
/* End PBXVariantGroup section */

/* Begin XCBuildConfiguration section */
		281CB5331DB194E300593545 /* Debug */ = {
			isa = XCBuildConfiguration;
			buildSettings = {
				ALWAYS_SEARCH_USER_PATHS = NO;
				CLANG_ANALYZER_NONNULL = YES;
				CLANG_CXX_LANGUAGE_STANDARD = "gnu++0x";
				CLANG_CXX_LIBRARY = "libc++";
				CLANG_ENABLE_MODULES = YES;
				CLANG_ENABLE_OBJC_ARC = YES;
				CLANG_WARN_BOOL_CONVERSION = YES;
				CLANG_WARN_CONSTANT_CONVERSION = YES;
				CLANG_WARN_DIRECT_OBJC_ISA_USAGE = YES_ERROR;
				CLANG_WARN_DOCUMENTATION_COMMENTS = YES;
				CLANG_WARN_EMPTY_BODY = YES;
				CLANG_WARN_ENUM_CONVERSION = YES;
				CLANG_WARN_INFINITE_RECURSION = YES;
				CLANG_WARN_INT_CONVERSION = YES;
				CLANG_WARN_OBJC_ROOT_CLASS = YES_ERROR;
				CLANG_WARN_SUSPICIOUS_MOVES = YES;
				CLANG_WARN_UNREACHABLE_CODE = YES;
				CLANG_WARN__DUPLICATE_METHOD_MATCH = YES;
				"CODE_SIGN_IDENTITY[sdk=iphoneos*]" = "iPhone Developer";
				COPY_PHASE_STRIP = NO;
				DEBUG_INFORMATION_FORMAT = dwarf;
				ENABLE_STRICT_OBJC_MSGSEND = YES;
				ENABLE_TESTABILITY = YES;
				GCC_C_LANGUAGE_STANDARD = gnu99;
				GCC_DYNAMIC_NO_PIC = NO;
				GCC_NO_COMMON_BLOCKS = YES;
				GCC_OPTIMIZATION_LEVEL = 0;
				GCC_PREPROCESSOR_DEFINITIONS = (
					"DEBUG=1",
					"$(inherited)",
				);
				GCC_WARN_64_TO_32_BIT_CONVERSION = YES;
				GCC_WARN_ABOUT_RETURN_TYPE = YES_ERROR;
				GCC_WARN_UNDECLARED_SELECTOR = YES;
				GCC_WARN_UNINITIALIZED_AUTOS = YES_AGGRESSIVE;
				GCC_WARN_UNUSED_FUNCTION = YES;
				GCC_WARN_UNUSED_VARIABLE = YES;
				IPHONEOS_DEPLOYMENT_TARGET = 10.0;
				MTL_ENABLE_DEBUG_INFO = YES;
				ONLY_ACTIVE_ARCH = YES;
				SDKROOT = iphoneos;
				SWIFT_ACTIVE_COMPILATION_CONDITIONS = DEBUG;
				SWIFT_OPTIMIZATION_LEVEL = "-Onone";
			};
			name = Debug;
		};
		281CB5341DB194E300593545 /* Release */ = {
			isa = XCBuildConfiguration;
			buildSettings = {
				ALWAYS_SEARCH_USER_PATHS = NO;
				CLANG_ANALYZER_NONNULL = YES;
				CLANG_CXX_LANGUAGE_STANDARD = "gnu++0x";
				CLANG_CXX_LIBRARY = "libc++";
				CLANG_ENABLE_MODULES = YES;
				CLANG_ENABLE_OBJC_ARC = YES;
				CLANG_WARN_BOOL_CONVERSION = YES;
				CLANG_WARN_CONSTANT_CONVERSION = YES;
				CLANG_WARN_DIRECT_OBJC_ISA_USAGE = YES_ERROR;
				CLANG_WARN_DOCUMENTATION_COMMENTS = YES;
				CLANG_WARN_EMPTY_BODY = YES;
				CLANG_WARN_ENUM_CONVERSION = YES;
				CLANG_WARN_INFINITE_RECURSION = YES;
				CLANG_WARN_INT_CONVERSION = YES;
				CLANG_WARN_OBJC_ROOT_CLASS = YES_ERROR;
				CLANG_WARN_SUSPICIOUS_MOVES = YES;
				CLANG_WARN_UNREACHABLE_CODE = YES;
				CLANG_WARN__DUPLICATE_METHOD_MATCH = YES;
				"CODE_SIGN_IDENTITY[sdk=iphoneos*]" = "iPhone Developer";
				COPY_PHASE_STRIP = NO;
				DEBUG_INFORMATION_FORMAT = "dwarf-with-dsym";
				ENABLE_NS_ASSERTIONS = NO;
				ENABLE_STRICT_OBJC_MSGSEND = YES;
				GCC_C_LANGUAGE_STANDARD = gnu99;
				GCC_NO_COMMON_BLOCKS = YES;
				GCC_WARN_64_TO_32_BIT_CONVERSION = YES;
				GCC_WARN_ABOUT_RETURN_TYPE = YES_ERROR;
				GCC_WARN_UNDECLARED_SELECTOR = YES;
				GCC_WARN_UNINITIALIZED_AUTOS = YES_AGGRESSIVE;
				GCC_WARN_UNUSED_FUNCTION = YES;
				GCC_WARN_UNUSED_VARIABLE = YES;
				IPHONEOS_DEPLOYMENT_TARGET = 10.0;
				MTL_ENABLE_DEBUG_INFO = NO;
				SDKROOT = iphoneos;
				SWIFT_OPTIMIZATION_LEVEL = "-Owholemodule";
				VALIDATE_PRODUCT = YES;
			};
			name = Release;
		};
		281CB5361DB194E300593545 /* Debug */ = {
			isa = XCBuildConfiguration;
			buildSettings = {
				ASSETCATALOG_COMPILER_APPICON_NAME = AppIcon;
				DEVELOPMENT_TEAM = DPY5934975;
				INFOPLIST_FILE = MusicQuiz/Info.plist;
				LD_RUNPATH_SEARCH_PATHS = "$(inherited) @executable_path/Frameworks";
				PRODUCT_BUNDLE_IDENTIFIER = Yosvani.MusicQuiz;
				PRODUCT_NAME = "$(TARGET_NAME)";
				SWIFT_VERSION = 3.0;
			};
			name = Debug;
		};
		281CB5371DB194E300593545 /* Release */ = {
			isa = XCBuildConfiguration;
			buildSettings = {
				ASSETCATALOG_COMPILER_APPICON_NAME = AppIcon;
				DEVELOPMENT_TEAM = DPY5934975;
				INFOPLIST_FILE = MusicQuiz/Info.plist;
				LD_RUNPATH_SEARCH_PATHS = "$(inherited) @executable_path/Frameworks";
				PRODUCT_BUNDLE_IDENTIFIER = Yosvani.MusicQuiz;
				PRODUCT_NAME = "$(TARGET_NAME)";
				SWIFT_VERSION = 3.0;
			};
			name = Release;
		};
		281CB5391DB194E300593545 /* Debug */ = {
			isa = XCBuildConfiguration;
			buildSettings = {
				ALWAYS_EMBED_SWIFT_STANDARD_LIBRARIES = YES;
				BUNDLE_LOADER = "$(TEST_HOST)";
				DEVELOPMENT_TEAM = DPY5934975;
				INFOPLIST_FILE = MusicQuizTests/Info.plist;
				LD_RUNPATH_SEARCH_PATHS = "$(inherited) @executable_path/Frameworks @loader_path/Frameworks";
				PRODUCT_BUNDLE_IDENTIFIER = Yosvani.MusicQuizTests;
				PRODUCT_NAME = "$(TARGET_NAME)";
				SWIFT_VERSION = 3.0;
				TEST_HOST = "$(BUILT_PRODUCTS_DIR)/MusicQuiz.app/MusicQuiz";
			};
			name = Debug;
		};
		281CB53A1DB194E300593545 /* Release */ = {
			isa = XCBuildConfiguration;
			buildSettings = {
				ALWAYS_EMBED_SWIFT_STANDARD_LIBRARIES = YES;
				BUNDLE_LOADER = "$(TEST_HOST)";
				DEVELOPMENT_TEAM = DPY5934975;
				INFOPLIST_FILE = MusicQuizTests/Info.plist;
				LD_RUNPATH_SEARCH_PATHS = "$(inherited) @executable_path/Frameworks @loader_path/Frameworks";
				PRODUCT_BUNDLE_IDENTIFIER = Yosvani.MusicQuizTests;
				PRODUCT_NAME = "$(TARGET_NAME)";
				SWIFT_VERSION = 3.0;
				TEST_HOST = "$(BUILT_PRODUCTS_DIR)/MusicQuiz.app/MusicQuiz";
			};
			name = Release;
		};
		281CB53C1DB194E300593545 /* Debug */ = {
			isa = XCBuildConfiguration;
			buildSettings = {
				ALWAYS_EMBED_SWIFT_STANDARD_LIBRARIES = YES;
				DEVELOPMENT_TEAM = DPY5934975;
				INFOPLIST_FILE = MusicQuizUITests/Info.plist;
				LD_RUNPATH_SEARCH_PATHS = "$(inherited) @executable_path/Frameworks @loader_path/Frameworks";
				PRODUCT_BUNDLE_IDENTIFIER = Yosvani.MusicQuizUITests;
				PRODUCT_NAME = "$(TARGET_NAME)";
				SWIFT_VERSION = 3.0;
				TEST_TARGET_NAME = MusicQuiz;
			};
			name = Debug;
		};
		281CB53D1DB194E300593545 /* Release */ = {
			isa = XCBuildConfiguration;
			buildSettings = {
				ALWAYS_EMBED_SWIFT_STANDARD_LIBRARIES = YES;
				DEVELOPMENT_TEAM = DPY5934975;
				INFOPLIST_FILE = MusicQuizUITests/Info.plist;
				LD_RUNPATH_SEARCH_PATHS = "$(inherited) @executable_path/Frameworks @loader_path/Frameworks";
				PRODUCT_BUNDLE_IDENTIFIER = Yosvani.MusicQuizUITests;
				PRODUCT_NAME = "$(TARGET_NAME)";
				SWIFT_VERSION = 3.0;
				TEST_TARGET_NAME = MusicQuiz;
			};
			name = Release;
		};
/* End XCBuildConfiguration section */

/* Begin XCConfigurationList section */
		281CB5051DB194E300593545 /* Build configuration list for PBXProject "MusicQuiz" */ = {
			isa = XCConfigurationList;
			buildConfigurations = (
				281CB5331DB194E300593545 /* Debug */,
				281CB5341DB194E300593545 /* Release */,
			);
			defaultConfigurationIsVisible = 0;
			defaultConfigurationName = Release;
		};
		281CB5351DB194E300593545 /* Build configuration list for PBXNativeTarget "MusicQuiz" */ = {
			isa = XCConfigurationList;
			buildConfigurations = (
				281CB5361DB194E300593545 /* Debug */,
				281CB5371DB194E300593545 /* Release */,
			);
			defaultConfigurationIsVisible = 0;
			defaultConfigurationName = Release;
		};
		281CB5381DB194E300593545 /* Build configuration list for PBXNativeTarget "MusicQuizTests" */ = {
			isa = XCConfigurationList;
			buildConfigurations = (
				281CB5391DB194E300593545 /* Debug */,
				281CB53A1DB194E300593545 /* Release */,
			);
			defaultConfigurationIsVisible = 0;
			defaultConfigurationName = Release;
		};
		281CB53B1DB194E300593545 /* Build configuration list for PBXNativeTarget "MusicQuizUITests" */ = {
			isa = XCConfigurationList;
			buildConfigurations = (
				281CB53C1DB194E300593545 /* Debug */,
				281CB53D1DB194E300593545 /* Release */,
			);
			defaultConfigurationIsVisible = 0;
			defaultConfigurationName = Release;
		};
/* End XCConfigurationList section */

/* Begin XCVersionGroup section */
		281CB5141DB194E300593545 /* MusicQuiz.xcdatamodeld */ = {
			isa = XCVersionGroup;
			children = (
				281CB5151DB194E300593545 /* MusicQuiz.xcdatamodel */,
			);
			currentVersion = 281CB5151DB194E300593545 /* MusicQuiz.xcdatamodel */;
			path = MusicQuiz.xcdatamodeld;
			sourceTree = "<group>";
			versionGroupType = wrapper.xcdatamodel;
		};
/* End XCVersionGroup section */
	};
	rootObject = 281CB5021DB194E300593545 /* Project object */;
}
