// !$*UTF8*$!
{
	archiveVersion = 1;
	classes = {
	};
	objectVersion = 46;
	objects = {

/* Begin PBXBuildFile section */
		281CB50E1DB194E300593545 /* AppDelegate.swift in Sources */ = {isa = PBXBuildFile; fileRef = 281CB50D1DB194E300593545 /* AppDelegate.swift */; };
		281CB5101DB194E300593545 /* ViewController.swift in Sources */ = {isa = PBXBuildFile; fileRef = 281CB50F1DB194E300593545 /* ViewController.swift */; };
		281CB5131DB194E300593545 /* Main.storyboard in Resources */ = {isa = PBXBuildFile; fileRef = 281CB5111DB194E300593545 /* Main.storyboard */; };
		281CB5161DB194E300593545 /* MusicQuiz.xcdatamodeld in Sources */ = {isa = PBXBuildFile; fileRef = 281CB5141DB194E300593545 /* MusicQuiz.xcdatamodeld */; };
		281CB5181DB194E300593545 /* Assets.xcassets in Resources */ = {isa = PBXBuildFile; fileRef = 281CB5171DB194E300593545 /* Assets.xcassets */; };
		281CB51B1DB194E300593545 /* LaunchScreen.storyboard in Resources */ = {isa = PBXBuildFile; fileRef = 281CB5191DB194E300593545 /* LaunchScreen.storyboard */; };
		281CB5261DB194E300593545 /* MusicQuizTests.swift in Sources */ = {isa = PBXBuildFile; fileRef = 281CB5251DB194E300593545 /* MusicQuizTests.swift */; };
		281CB5311DB194E300593545 /* MusicQuizUITests.swift in Sources */ = {isa = PBXBuildFile; fileRef = 281CB5301DB194E300593545 /* MusicQuizUITests.swift */; };
		281CB5401DB196EE00593545 /* Arvo_Part&Fur_Alina&1976.mp3 in Resources */ = {isa = PBXBuildFile; fileRef = 281CB53F1DB196EE00593545 /* Arvo_Part&Fur_Alina&1976.mp3 */; };
		281CB5421DB1971600593545 /* Song.swift in Sources */ = {isa = PBXBuildFile; fileRef = 281CB5411DB1971600593545 /* Song.swift */; };
		281CB5441DB1992500593545 /* Bernart_de_Ventadorn&Can_Vei_la_Lauzeta_Mover&1150.mp3 in Resources */ = {isa = PBXBuildFile; fileRef = 281CB5431DB1992500593545 /* Bernart_de_Ventadorn&Can_Vei_la_Lauzeta_Mover&1150.mp3 */; };
		281CB54C1DB1993100593545 /* Antonio_Vivaldi&The_Four_Seasons_Autumn&1723&Movement_3.mp3 in Resources */ = {isa = PBXBuildFile; fileRef = 281CB5451DB1993100593545 /* Antonio_Vivaldi&The_Four_Seasons_Autumn&1723&Movement_3.mp3 */; };
		281CB54D1DB1993100593545 /* Antonio_Vivaldi&The_Four_Seasons_Autumn&1723&Movement_2.mp3 in Resources */ = {isa = PBXBuildFile; fileRef = 281CB5461DB1993100593545 /* Antonio_Vivaldi&The_Four_Seasons_Autumn&1723&Movement_2.mp3 */; };
		281CB54E1DB1993100593545 /* Antonio_Vivaldi&The_Four_Seasons_Autumn&1723&Movement_1.mp3 in Resources */ = {isa = PBXBuildFile; fileRef = 281CB5471DB1993100593545 /* Antonio_Vivaldi&The_Four_Seasons_Autumn&1723&Movement_1.mp3 */; };
		281CB54F1DB1993100593545 /* Johann_Sebastian_Bach&Brandenburg_Concertos_5&1721&Movement_1.mp3 in Resources */ = {isa = PBXBuildFile; fileRef = 281CB5481DB1993100593545 /* Johann_Sebastian_Bach&Brandenburg_Concertos_5&1721&Movement_1.mp3 */; };
		281CB5501DB1993100593545 /* George_Friedrich_Handel&Messiah&1742&Overture.mp3 in Resources */ = {isa = PBXBuildFile; fileRef = 281CB5491DB1993100593545 /* George_Friedrich_Handel&Messiah&1742&Overture.mp3 */; };
		281CB5511DB1993100593545 /* Claudio_Monteverdi&L’Orfeo&1607&Act_3_Possente_spirto.mp3 in Resources */ = {isa = PBXBuildFile; fileRef = 281CB54A1DB1993100593545 /* Claudio_Monteverdi&L’Orfeo&1607&Act_3_Possente_spirto.mp3 */; };
		281CB5521DB1993100593545 /* Carlo_Gesualdo&Moro_lasso&1611.mp3 in Resources */ = {isa = PBXBuildFile; fileRef = 281CB54B1DB1993100593545 /* Carlo_Gesualdo&Moro_lasso&1611.mp3 */; };
		281CB5541DB1A5EA00593545 /* QuizVC.swift in Sources */ = {isa = PBXBuildFile; fileRef = 281CB5531DB1A5EA00593545 /* QuizVC.swift */; };
		281CB5571DB1BD8800593545 /* Songs.xcassets in Resources */ = {isa = PBXBuildFile; fileRef = 281CB5561DB1BD8800593545 /* Songs.xcassets */; };
		281CB5591DB1FDFA00593545 /* RoundedButton.swift in Sources */ = {isa = PBXBuildFile; fileRef = 281CB5581DB1FDFA00593545 /* RoundedButton.swift */; };
		281CB55B1DB207DB00593545 /* ResultsVC.swift in Sources */ = {isa = PBXBuildFile; fileRef = 281CB55A1DB207DB00593545 /* ResultsVC.swift */; };
/* End PBXBuildFile section */

/* Begin PBXContainerItemProxy section */
		281CB5221DB194E300593545 /* PBXContainerItemProxy */ = {
			isa = PBXContainerItemProxy;
			containerPortal = 281CB5021DB194E300593545 /* Project object */;
			proxyType = 1;
			remoteGlobalIDString = 281CB5091DB194E300593545;
			remoteInfo = MusicQuiz;
		};
		281CB52D1DB194E300593545 /* PBXContainerItemProxy */ = {
			isa = PBXContainerItemProxy;
			containerPortal = 281CB5021DB194E300593545 /* Project object */;
			proxyType = 1;
			remoteGlobalIDString = 281CB5091DB194E300593545;
			remoteInfo = MusicQuiz;
		};
/* End PBXContainerItemProxy section */

/* Begin PBXFileReference section */
		281CB50A1DB194E300593545 /* MusicQuiz.app */ = {isa = PBXFileReference; explicitFileType = wrapper.application; includeInIndex = 0; path = MusicQuiz.app; sourceTree = BUILT_PRODUCTS_DIR; };
		281CB50D1DB194E300593545 /* AppDelegate.swift */ = {isa = PBXFileReference; lastKnownFileType = sourcecode.swift; path = AppDelegate.swift; sourceTree = "<group>"; };
		281CB50F1DB194E300593545 /* ViewController.swift */ = {isa = PBXFileReference; lastKnownFileType = sourcecode.swift; path = ViewController.swift; sourceTree = "<group>"; };
		281CB5121DB194E300593545 /* Base */ = {isa = PBXFileReference; lastKnownFileType = file.storyboard; name = Base; path = Base.lproj/Main.storyboard; sourceTree = "<group>"; };
		281CB5151DB194E300593545 /* MusicQuiz.xcdatamodel */ = {isa = PBXFileReference; lastKnownFileType = wrapper.xcdatamodel; path = MusicQuiz.xcdatamodel; sourceTree = "<group>"; };
		281CB5171DB194E300593545 /* Assets.xcassets */ = {isa = PBXFileReference; lastKnownFileType = folder.assetcatalog; path = Assets.xcassets; sourceTree = "<group>"; };
		281CB51A1DB194E300593545 /* Base */ = {isa = PBXFileReference; lastKnownFileType = file.storyboard; name = Base; path = Base.lproj/LaunchScreen.storyboard; sourceTree = "<group>"; };
		281CB51C1DB194E300593545 /* Info.plist */ = {isa = PBXFileReference; lastKnownFileType = text.plist.xml; path = Info.plist; sourceTree = "<group>"; };
		281CB5211DB194E300593545 /* MusicQuizTests.xctest */ = {isa = PBXFileReference; explicitFileType = wrapper.cfbundle; includeInIndex = 0; path = MusicQuizTests.xctest; sourceTree = BUILT_PRODUCTS_DIR; };
		281CB5251DB194E300593545 /* MusicQuizTests.swift */ = {isa = PBXFileReference; lastKnownFileType = sourcecode.swift; path = MusicQuizTests.swift; sourceTree = "<group>"; };
		281CB5271DB194E300593545 /* Info.plist */ = {isa = PBXFileReference; lastKnownFileType = text.plist.xml; path = Info.plist; sourceTree = "<group>"; };
		281CB52C1DB194E300593545 /* MusicQuizUITests.xctest */ = {isa = PBXFileReference; explicitFileType = wrapper.cfbundle; includeInIndex = 0; path = MusicQuizUITests.xctest; sourceTree = BUILT_PRODUCTS_DIR; };
		281CB5301DB194E300593545 /* MusicQuizUITests.swift */ = {isa = PBXFileReference; lastKnownFileType = sourcecode.swift; path = MusicQuizUITests.swift; sourceTree = "<group>"; };
		281CB5321DB194E300593545 /* Info.plist */ = {isa = PBXFileReference; lastKnownFileType = text.plist.xml; path = Info.plist; sourceTree = "<group>"; };
		281CB53F1DB196EE00593545 /* Arvo_Part&Fur_Alina&1976.mp3 */ = {isa = PBXFileReference; lastKnownFileType = audio.mp3; name = "Arvo_Part&Fur_Alina&1976.mp3"; path = "../../../../Downloads/Arvo_Part&Fur_Alina&1976.mp3"; sourceTree = "<group>"; };
		281CB5411DB1971600593545 /* Song.swift */ = {isa = PBXFileReference; fileEncoding = 4; lastKnownFileType = sourcecode.swift; path = Song.swift; sourceTree = "<group>"; };
		281CB5431DB1992500593545 /* Bernart_de_Ventadorn&Can_Vei_la_Lauzeta_Mover&1150.mp3 */ = {isa = PBXFileReference; lastKnownFileType = audio.mp3; name = "Bernart_de_Ventadorn&Can_Vei_la_Lauzeta_Mover&1150.mp3"; path = "../../../../Downloads/Bernart_de_Ventadorn&Can_Vei_la_Lauzeta_Mover&1150.mp3"; sourceTree = "<group>"; };
		281CB5451DB1993100593545 /* Antonio_Vivaldi&The_Four_Seasons_Autumn&1723&Movement_3.mp3 */ = {isa = PBXFileReference; lastKnownFileType = audio.mp3; name = "Antonio_Vivaldi&The_Four_Seasons_Autumn&1723&Movement_3.mp3"; path = "../../../../Downloads/Antonio_Vivaldi&The_Four_Seasons_Autumn&1723&Movement_3.mp3"; sourceTree = "<group>"; };
		281CB5461DB1993100593545 /* Antonio_Vivaldi&The_Four_Seasons_Autumn&1723&Movement_2.mp3 */ = {isa = PBXFileReference; lastKnownFileType = audio.mp3; name = "Antonio_Vivaldi&The_Four_Seasons_Autumn&1723&Movement_2.mp3"; path = "../../../../Downloads/Antonio_Vivaldi&The_Four_Seasons_Autumn&1723&Movement_2.mp3"; sourceTree = "<group>"; };
		281CB5471DB1993100593545 /* Antonio_Vivaldi&The_Four_Seasons_Autumn&1723&Movement_1.mp3 */ = {isa = PBXFileReference; lastKnownFileType = audio.mp3; name = "Antonio_Vivaldi&The_Four_Seasons_Autumn&1723&Movement_1.mp3"; path = "../../../../Downloads/Antonio_Vivaldi&The_Four_Seasons_Autumn&1723&Movement_1.mp3"; sourceTree = "<group>"; };
		281CB5481DB1993100593545 /* Johann_Sebastian_Bach&Brandenburg_Concertos_5&1721&Movement_1.mp3 */ = {isa = PBXFileReference; lastKnownFileType = audio.mp3; name = "Johann_Sebastian_Bach&Brandenburg_Concertos_5&1721&Movement_1.mp3"; path = "../../../../Downloads/Johann_Sebastian_Bach&Brandenburg_Concertos_5&1721&Movement_1.mp3"; sourceTree = "<group>"; };
		281CB5491DB1993100593545 /* George_Friedrich_Handel&Messiah&1742&Overture.mp3 */ = {isa = PBXFileReference; lastKnownFileType = audio.mp3; name = "George_Friedrich_Handel&Messiah&1742&Overture.mp3"; path = "../../../../Downloads/George_Friedrich_Handel&Messiah&1742&Overture.mp3"; sourceTree = "<group>"; };
		281CB54A1DB1993100593545 /* Claudio_Monteverdi&L’Orfeo&1607&Act_3_Possente_spirto.mp3 */ = {isa = PBXFileReference; lastKnownFileType = audio.mp3; name = "Claudio_Monteverdi&L’Orfeo&1607&Act_3_Possente_spirto.mp3"; path = "../../../../Downloads/Claudio_Monteverdi&L’Orfeo&1607&Act_3_Possente_spirto.mp3"; sourceTree = "<group>"; };
		281CB54B1DB1993100593545 /* Carlo_Gesualdo&Moro_lasso&1611.mp3 */ = {isa = PBXFileReference; lastKnownFileType = audio.mp3; name = "Carlo_Gesualdo&Moro_lasso&1611.mp3"; path = "../../../../Downloads/Carlo_Gesualdo&Moro_lasso&1611.mp3"; sourceTree = "<group>"; };
		281CB5531DB1A5EA00593545 /* QuizVC.swift */ = {isa = PBXFileReference; fileEncoding = 4; lastKnownFileType = sourcecode.swift; path = QuizVC.swift; sourceTree = "<group>"; };
		281CB5561DB1BD8800593545 /* Songs.xcassets */ = {isa = PBXFileReference; lastKnownFileType = folder.assetcatalog; path = Songs.xcassets; sourceTree = "<group>"; };
		281CB5581DB1FDFA00593545 /* RoundedButton.swift */ = {isa = PBXFileReference; fileEncoding = 4; lastKnownFileType = sourcecode.swift; path = RoundedButton.swift; sourceTree = "<group>"; };
		281CB55A1DB207DB00593545 /* ResultsVC.swift */ = {isa = PBXFileReference; fileEncoding = 4; lastKnownFileType = sourcecode.swift; path = ResultsVC.swift; sourceTree = "<group>"; };
/* End PBXFileReference section */

/* Begin PBXFrameworksBuildPhase section */
		281CB5071DB194E300593545 /* Frameworks */ = {
			isa = PBXFrameworksBuildPhase;
			buildActionMask = 2147483647;
			files = (
			);
			runOnlyForDeploymentPostprocessing = 0;
		};
		281CB51E1DB194E300593545 /* Frameworks */ = {
			isa = PBXFrameworksBuildPhase;
			buildActionMask = 2147483647;
			files = (
			);
			runOnlyForDeploymentPostprocessing = 0;
		};
		281CB5291DB194E300593545 /* Frameworks */ = {
			isa = PBXFrameworksBuildPhase;
			buildActionMask = 2147483647;
			files = (
			);
			runOnlyForDeploymentPostprocessing = 0;
		};
/* End PBXFrameworksBuildPhase section */

/* Begin PBXGroup section */
		281CB5011DB194E300593545 = {
			isa = PBXGroup;
			children = (
				281CB50C1DB194E300593545 /* MusicQuiz */,
				281CB53E1DB196DC00593545 /* Songs */,
				281CB5241DB194E300593545 /* MusicQuizTests */,
				281CB52F1DB194E300593545 /* MusicQuizUITests */,
				281CB50B1DB194E300593545 /* Products */,
			);
			sourceTree = "<group>";
		};
		281CB50B1DB194E300593545 /* Products */ = {
			isa = PBXGroup;
			children = (
				281CB50A1DB194E300593545 /* MusicQuiz.app */,
				281CB5211DB194E300593545 /* MusicQuizTests.xctest */,
				281CB52C1DB194E300593545 /* MusicQuizUITests.xctest */,
			);
			name = Products;
			sourceTree = "<group>";
		};
		281CB50C1DB194E300593545 /* MusicQuiz */ = {
			isa = PBXGroup;
			children = (
				281CB50D1DB194E300593545 /* AppDelegate.swift */,
				281CB55E1DB225D700593545 /* Modal */,
				281CB55C1DB2125500593545 /* Controller */,
				281CB55D1DB21BE100593545 /* View */,
				281CB5171DB194E300593545 /* Assets.xcassets */,
				281CB5561DB1BD8800593545 /* Songs.xcassets */,
				281CB5191DB194E300593545 /* LaunchScreen.storyboard */,
				281CB51C1DB194E300593545 /* Info.plist */,
				281CB5141DB194E300593545 /* MusicQuiz.xcdatamodeld */,
			);
			path = MusicQuiz;
			sourceTree = "<group>";
		};
		281CB5241DB194E300593545 /* MusicQuizTests */ = {
			isa = PBXGroup;
			children = (
				281CB5251DB194E300593545 /* MusicQuizTests.swift */,
				281CB5271DB194E300593545 /* Info.plist */,
			);
			path = MusicQuizTests;
			sourceTree = "<group>";
		};
		281CB52F1DB194E300593545 /* MusicQuizUITests */ = {
			isa = PBXGroup;
			children = (
				281CB5301DB194E300593545 /* MusicQuizUITests.swift */,
				281CB5321DB194E300593545 /* Info.plist */,
			);
			path = MusicQuizUITests;
			sourceTree = "<group>";
		};
		281CB53E1DB196DC00593545 /* Songs */ = {
			isa = PBXGroup;
			children = (
				281CB53F1DB196EE00593545 /* Arvo_Part&Fur_Alina&1976.mp3 */,
				281CB5431DB1992500593545 /* Bernart_de_Ventadorn&Can_Vei_la_Lauzeta_Mover&1150.mp3 */,
				281CB5451DB1993100593545 /* Antonio_Vivaldi&The_Four_Seasons_Autumn&1723&Movement_3.mp3 */,
				281CB5461DB1993100593545 /* Antonio_Vivaldi&The_Four_Seasons_Autumn&1723&Movement_2.mp3 */,
				281CB5471DB1993100593545 /* Antonio_Vivaldi&The_Four_Seasons_Autumn&1723&Movement_1.mp3 */,
				281CB5481DB1993100593545 /* Johann_Sebastian_Bach&Brandenburg_Concertos_5&1721&Movement_1.mp3 */,
				281CB5491DB1993100593545 /* George_Friedrich_Handel&Messiah&1742&Overture.mp3 */,
				281CB54A1DB1993100593545 /* Claudio_Monteverdi&L’Orfeo&1607&Act_3_Possente_spirto.mp3 */,
				281CB54B1DB1993100593545 /* Carlo_Gesualdo&Moro_lasso&1611.mp3 */,
			);
			name = Songs;
			path = MusicQuiz;
			sourceTree = "<group>";
		};
		281CB55C1DB2125500593545 /* Controller */ = {
			isa = PBXGroup;
			children = (
				281CB5531DB1A5EA00593545 /* QuizVC.swift */,
				281CB55A1DB207DB00593545 /* ResultsVC.swift */,
				281CB50F1DB194E300593545 /* ViewController.swift */,
			);
			name = Controller;
			sourceTree = "<group>";
		};
		281CB55D1DB21BE100593545 /* View */ = {
			isa = PBXGroup;
			children = (
				281CB5111DB194E300593545 /* Main.storyboard */,
				281CB5581DB1FDFA00593545 /* RoundedButton.swift */,
			);
			name = View;
			sourceTree = "<group>";
		};
		281CB55E1DB225D700593545 /* Modal */ = {
			isa = PBXGroup;
			children = (
				281CB5411DB1971600593545 /* Song.swift */,
			);
			name = Modal;
			sourceTree = "<group>";
		};
/* End PBXGroup section */

/* Begin PBXNativeTarget section */
		281CB5091DB194E300593545 /* MusicQuiz */ = {
			isa = PBXNativeTarget;
			buildConfigurationList = 281CB5351DB194E300593545 /* Build configuration list for PBXNativeTarget "MusicQuiz" */;
			buildPhases = (
				281CB5061DB194E300593545 /* Sources */,
				281CB5071DB194E300593545 /* Frameworks */,
				281CB5081DB194E300593545 /* Resources */,
			);
			buildRules = (
			);
			dependencies = (
			);
			name = MusicQuiz;
			productName = MusicQuiz;
			productReference = 281CB50A1DB194E300593545 /* MusicQuiz.app */;
			productType = "com.apple.product-type.application";
		};
		281CB5201DB194E300593545 /* MusicQuizTests */ = {
			isa = PBXNativeTarget;
			buildConfigurationList = 281CB5381DB194E300593545 /* Build configuration list for PBXNativeTarget "MusicQuizTests" */;
			buildPhases = (
				281CB51D1DB194E300593545 /* Sources */,
				281CB51E1DB194E300593545 /* Frameworks */,
				281CB51F1DB194E300593545 /* Resources */,
			);
			buildRules = (
			);
			dependencies = (
				281CB5231DB194E300593545 /* PBXTargetDependency */,
			);
			name = MusicQuizTests;
			productName = MusicQuizTests;
			productReference = 281CB5211DB194E300593545 /* MusicQuizTests.xctest */;
			productType = "com.apple.product-type.bundle.unit-test";
		};
		281CB52B1DB194E300593545 /* MusicQuizUITests */ = {
			isa = PBXNativeTarget;
			buildConfigurationList = 281CB53B1DB194E300593545 /* Build configuration list for PBXNativeTarget "MusicQuizUITests" */;
			buildPhases = (
				281CB5281DB194E300593545 /* Sources */,
				281CB5291DB194E300593545 /* Frameworks */,
				281CB52A1DB194E300593545 /* Resources */,
			);
			buildRules = (
			);
			dependencies = (
				281CB52E1DB194E300593545 /* PBXTargetDependency */,
			);
			name = MusicQuizUITests;
			productName = MusicQuizUITests;
			productReference = 281CB52C1DB194E300593545 /* MusicQuizUITests.xctest */;
			productType = "com.apple.product-type.bundle.ui-testing";
		};
/* End PBXNativeTarget section */

/* Begin PBXProject section */
		281CB5021DB194E300593545 /* Project object */ = {
			isa = PBXProject;
			attributes = {
				LastSwiftUpdateCheck = 0800;
				LastUpgradeCheck = 0800;
				ORGANIZATIONNAME = "Yosvani Lopez";
				TargetAttributes = {
					281CB5091DB194E300593545 = {
						CreatedOnToolsVersion = 8.0;
						DevelopmentTeam = DPY5934975;
						ProvisioningStyle = Automatic;
					};
					281CB5201DB194E300593545 = {
						CreatedOnToolsVersion = 8.0;
						DevelopmentTeam = DPY5934975;
						ProvisioningStyle = Automatic;
						TestTargetID = 281CB5091DB194E300593545;
					};
					281CB52B1DB194E300593545 = {
						CreatedOnToolsVersion = 8.0;
						DevelopmentTeam = DPY5934975;
						ProvisioningStyle = Automatic;
						TestTargetID = 281CB5091DB194E300593545;
					};
				};
			};
			buildConfigurationList = 281CB5051DB194E300593545 /* Build configuration list for PBXProject "MusicQuiz" */;
			compatibilityVersion = "Xcode 3.2";
			developmentRegion = English;
			hasScannedForEncodings = 0;
			knownRegions = (
				en,
				Base,
			);
			mainGroup = 281CB5011DB194E300593545;
			productRefGroup = 281CB50B1DB194E300593545 /* Products */;
			projectDirPath = "";
			projectRoot = "";
			targets = (
				281CB5091DB194E300593545 /* MusicQuiz */,
				281CB5201DB194E300593545 /* MusicQuizTests */,
				281CB52B1DB194E300593545 /* MusicQuizUITests */,
			);
		};
/* End PBXProject section */

/* Begin PBXResourcesBuildPhase section */
		281CB5081DB194E300593545 /* Resources */ = {
			isa = PBXResourcesBuildPhase;
			buildActionMask = 2147483647;
			files = (
				281CB54E1DB1993100593545 /* Antonio_Vivaldi&The_Four_Seasons_Autumn&1723&Movement_1.mp3 in Resources */,
				281CB5571DB1BD8800593545 /* Songs.xcassets in Resources */,
				281CB51B1DB194E300593545 /* LaunchScreen.storyboard in Resources */,
				281CB5521DB1993100593545 /* Carlo_Gesualdo&Moro_lasso&1611.mp3 in Resources */,
				281CB54D1DB1993100593545 /* Antonio_Vivaldi&The_Four_Seasons_Autumn&1723&Movement_2.mp3 in Resources */,
				281CB5181DB194E300593545 /* Assets.xcassets in Resources */,
				281CB5511DB1993100593545 /* Claudio_Monteverdi&L’Orfeo&1607&Act_3_Possente_spirto.mp3 in Resources */,
				281CB5401DB196EE00593545 /* Arvo_Part&Fur_Alina&1976.mp3 in Resources */,
				281CB5131DB194E300593545 /* Main.storyboard in Resources */,
				281CB5501DB1993100593545 /* George_Friedrich_Handel&Messiah&1742&Overture.mp3 in Resources */,
				281CB54C1DB1993100593545 /* Antonio_Vivaldi&The_Four_Seasons_Autumn&1723&Movement_3.mp3 in Resources */,
				281CB54F1DB1993100593545 /* Johann_Sebastian_Bach&Brandenburg_Concertos_5&1721&Movement_1.mp3 in Resources */,
				281CB5441DB1992500593545 /* Bernart_de_Ventadorn&Can_Vei_la_Lauzeta_Mover&1150.mp3 in Resources */,
			);
			runOnlyForDeploymentPostprocessing = 0;
		};
		281CB51F1DB194E300593545 /* Resources */ = {
			isa = PBXResourcesBuildPhase;
			buildActionMask = 2147483647;
			files = (
			);
			runOnlyForDeploymentPostprocessing = 0;
		};
		281CB52A1DB194E300593545 /* Resources */ = {
			isa = PBXResourcesBuildPhase;
			buildActionMask = 2147483647;
			files = (
			);
			runOnlyForDeploymentPostprocessing = 0;
		};
/* End PBXResourcesBuildPhase section */

/* Begin PBXSourcesBuildPhase section */
		281CB5061DB194E300593545 /* Sources */ = {
			isa = PBXSourcesBuildPhase;
			buildActionMask = 2147483647;
			files = (
				281CB55B1DB207DB00593545 /* ResultsVC.swift in Sources */,
				281CB5421DB1971600593545 /* Song.swift in Sources */,
				281CB5591DB1FDFA00593545 /* RoundedButton.swift in Sources */,
				281CB5541DB1A5EA00593545 /* QuizVC.swift in Sources */,
				281CB5101DB194E300593545 /* ViewController.swift in Sources */,
				281CB50E1DB194E300593545 /* AppDelegate.swift in Sources */,
				281CB5161DB194E300593545 /* MusicQuiz.xcdatamodeld in Sources */,
			);
			runOnlyForDeploymentPostprocessing = 0;
		};
		281CB51D1DB194E300593545 /* Sources */ = {
			isa = PBXSourcesBuildPhase;
			buildActionMask = 2147483647;
			files = (
				281CB5261DB194E300593545 /* MusicQuizTests.swift in Sources */,
			);
			runOnlyForDeploymentPostprocessing = 0;
		};
		281CB5281DB194E300593545 /* Sources */ = {
			isa = PBXSourcesBuildPhase;
			buildActionMask = 2147483647;
			files = (
				281CB5311DB194E300593545 /* MusicQuizUITests.swift in Sources */,
			);
			runOnlyForDeploymentPostprocessing = 0;
		};
/* End PBXSourcesBuildPhase section */

/* Begin PBXTargetDependency section */
		281CB5231DB194E300593545 /* PBXTargetDependency */ = {
			isa = PBXTargetDependency;
			target = 281CB5091DB194E300593545 /* MusicQuiz */;
			targetProxy = 281CB5221DB194E300593545 /* PBXContainerItemProxy */;
		};
		281CB52E1DB194E300593545 /* PBXTargetDependency */ = {
			isa = PBXTargetDependency;
			target = 281CB5091DB194E300593545 /* MusicQuiz */;
			targetProxy = 281CB52D1DB194E300593545 /* PBXContainerItemProxy */;
		};
/* End PBXTargetDependency section */

/* Begin PBXVariantGroup section */
		281CB5111DB194E300593545 /* Main.storyboard */ = {
			isa = PBXVariantGroup;
			children = (
				281CB5121DB194E300593545 /* Base */,
			);
			name = Main.storyboard;
			sourceTree = "<group>";
		};
		281CB5191DB194E300593545 /* LaunchScreen.storyboard */ = {
			isa = PBXVariantGroup;
			children = (
				281CB51A1DB194E300593545 /* Base */,
			);
			name = LaunchScreen.storyboard;
			sourceTree = "<group>";
		};
/* End PBXVariantGroup section */

/* Begin XCBuildConfiguration section */
		281CB5331DB194E300593545 /* Debug */ = {
			isa = XCBuildConfiguration;
			buildSettings = {
				ALWAYS_SEARCH_USER_PATHS = NO;
				CLANG_ANALYZER_NONNULL = YES;
				CLANG_CXX_LANGUAGE_STANDARD = "gnu++0x";
				CLANG_CXX_LIBRARY = "libc++";
				CLANG_ENABLE_MODULES = YES;
				CLANG_ENABLE_OBJC_ARC = YES;
				CLANG_WARN_BOOL_CONVERSION = YES;
				CLANG_WARN_CONSTANT_CONVERSION = YES;
				CLANG_WARN_DIRECT_OBJC_ISA_USAGE = YES_ERROR;
				CLANG_WARN_DOCUMENTATION_COMMENTS = YES;
				CLANG_WARN_EMPTY_BODY = YES;
				CLANG_WARN_ENUM_CONVERSION = YES;
				CLANG_WARN_INFINITE_RECURSION = YES;
				CLANG_WARN_INT_CONVERSION = YES;
				CLANG_WARN_OBJC_ROOT_CLASS = YES_ERROR;
				CLANG_WARN_SUSPICIOUS_MOVES = YES;
				CLANG_WARN_UNREACHABLE_CODE = YES;
				CLANG_WARN__DUPLICATE_METHOD_MATCH = YES;
				"CODE_SIGN_IDENTITY[sdk=iphoneos*]" = "iPhone Developer";
				COPY_PHASE_STRIP = NO;
				DEBUG_INFORMATION_FORMAT = dwarf;
				ENABLE_STRICT_OBJC_MSGSEND = YES;
				ENABLE_TESTABILITY = YES;
				GCC_C_LANGUAGE_STANDARD = gnu99;
				GCC_DYNAMIC_NO_PIC = NO;
				GCC_NO_COMMON_BLOCKS = YES;
				GCC_OPTIMIZATION_LEVEL = 0;
				GCC_PREPROCESSOR_DEFINITIONS = (
					"DEBUG=1",
					"$(inherited)",
				);
				GCC_WARN_64_TO_32_BIT_CONVERSION = YES;
				GCC_WARN_ABOUT_RETURN_TYPE = YES_ERROR;
				GCC_WARN_UNDECLARED_SELECTOR = YES;
				GCC_WARN_UNINITIALIZED_AUTOS = YES_AGGRESSIVE;
				GCC_WARN_UNUSED_FUNCTION = YES;
				GCC_WARN_UNUSED_VARIABLE = YES;
				IPHONEOS_DEPLOYMENT_TARGET = 10.0;
				MTL_ENABLE_DEBUG_INFO = YES;
				ONLY_ACTIVE_ARCH = YES;
				SDKROOT = iphoneos;
				SWIFT_ACTIVE_COMPILATION_CONDITIONS = DEBUG;
				SWIFT_OPTIMIZATION_LEVEL = "-Onone";
			};
			name = Debug;
		};
		281CB5341DB194E300593545 /* Release */ = {
			isa = XCBuildConfiguration;
			buildSettings = {
				ALWAYS_SEARCH_USER_PATHS = NO;
				CLANG_ANALYZER_NONNULL = YES;
				CLANG_CXX_LANGUAGE_STANDARD = "gnu++0x";
				CLANG_CXX_LIBRARY = "libc++";
				CLANG_ENABLE_MODULES = YES;
				CLANG_ENABLE_OBJC_ARC = YES;
				CLANG_WARN_BOOL_CONVERSION = YES;
				CLANG_WARN_CONSTANT_CONVERSION = YES;
				CLANG_WARN_DIRECT_OBJC_ISA_USAGE = YES_ERROR;
				CLANG_WARN_DOCUMENTATION_COMMENTS = YES;
				CLANG_WARN_EMPTY_BODY = YES;
				CLANG_WARN_ENUM_CONVERSION = YES;
				CLANG_WARN_INFINITE_RECURSION = YES;
				CLANG_WARN_INT_CONVERSION = YES;
				CLANG_WARN_OBJC_ROOT_CLASS = YES_ERROR;
				CLANG_WARN_SUSPICIOUS_MOVES = YES;
				CLANG_WARN_UNREACHABLE_CODE = YES;
				CLANG_WARN__DUPLICATE_METHOD_MATCH = YES;
				"CODE_SIGN_IDENTITY[sdk=iphoneos*]" = "iPhone Developer";
				COPY_PHASE_STRIP = NO;
				DEBUG_INFORMATION_FORMAT = "dwarf-with-dsym";
				ENABLE_NS_ASSERTIONS = NO;
				ENABLE_STRICT_OBJC_MSGSEND = YES;
				GCC_C_LANGUAGE_STANDARD = gnu99;
				GCC_NO_COMMON_BLOCKS = YES;
				GCC_WARN_64_TO_32_BIT_CONVERSION = YES;
				GCC_WARN_ABOUT_RETURN_TYPE = YES_ERROR;
				GCC_WARN_UNDECLARED_SELECTOR = YES;
				GCC_WARN_UNINITIALIZED_AUTOS = YES_AGGRESSIVE;
				GCC_WARN_UNUSED_FUNCTION = YES;
				GCC_WARN_UNUSED_VARIABLE = YES;
				IPHONEOS_DEPLOYMENT_TARGET = 10.0;
				MTL_ENABLE_DEBUG_INFO = NO;
				SDKROOT = iphoneos;
				SWIFT_OPTIMIZATION_LEVEL = "-Owholemodule";
				VALIDATE_PRODUCT = YES;
			};
			name = Release;
		};
		281CB5361DB194E300593545 /* Debug */ = {
			isa = XCBuildConfiguration;
			buildSettings = {
				ASSETCATALOG_COMPILER_APPICON_NAME = AppIcon;
				DEVELOPMENT_TEAM = DPY5934975;
				INFOPLIST_FILE = MusicQuiz/Info.plist;
				LD_RUNPATH_SEARCH_PATHS = "$(inherited) @executable_path/Frameworks";
				PRODUCT_BUNDLE_IDENTIFIER = Yosvani.MusicQuiz;
				PRODUCT_NAME = "$(TARGET_NAME)";
				SWIFT_VERSION = 3.0;
			};
			name = Debug;
		};
		281CB5371DB194E300593545 /* Release */ = {
			isa = XCBuildConfiguration;
			buildSettings = {
				ASSETCATALOG_COMPILER_APPICON_NAME = AppIcon;
				DEVELOPMENT_TEAM = DPY5934975;
				INFOPLIST_FILE = MusicQuiz/Info.plist;
				LD_RUNPATH_SEARCH_PATHS = "$(inherited) @executable_path/Frameworks";
				PRODUCT_BUNDLE_IDENTIFIER = Yosvani.MusicQuiz;
				PRODUCT_NAME = "$(TARGET_NAME)";
				SWIFT_VERSION = 3.0;
			};
			name = Release;
		};
		281CB5391DB194E300593545 /* Debug */ = {
			isa = XCBuildConfiguration;
			buildSettings = {
				ALWAYS_EMBED_SWIFT_STANDARD_LIBRARIES = YES;
				BUNDLE_LOADER = "$(TEST_HOST)";
				DEVELOPMENT_TEAM = DPY5934975;
				INFOPLIST_FILE = MusicQuizTests/Info.plist;
				LD_RUNPATH_SEARCH_PATHS = "$(inherited) @executable_path/Frameworks @loader_path/Frameworks";
				PRODUCT_BUNDLE_IDENTIFIER = Yosvani.MusicQuizTests;
				PRODUCT_NAME = "$(TARGET_NAME)";
				SWIFT_VERSION = 3.0;
				TEST_HOST = "$(BUILT_PRODUCTS_DIR)/MusicQuiz.app/MusicQuiz";
			};
			name = Debug;
		};
		281CB53A1DB194E300593545 /* Release */ = {
			isa = XCBuildConfiguration;
			buildSettings = {
				ALWAYS_EMBED_SWIFT_STANDARD_LIBRARIES = YES;
				BUNDLE_LOADER = "$(TEST_HOST)";
				DEVELOPMENT_TEAM = DPY5934975;
				INFOPLIST_FILE = MusicQuizTests/Info.plist;
				LD_RUNPATH_SEARCH_PATHS = "$(inherited) @executable_path/Frameworks @loader_path/Frameworks";
				PRODUCT_BUNDLE_IDENTIFIER = Yosvani.MusicQuizTests;
				PRODUCT_NAME = "$(TARGET_NAME)";
				SWIFT_VERSION = 3.0;
				TEST_HOST = "$(BUILT_PRODUCTS_DIR)/MusicQuiz.app/MusicQuiz";
			};
			name = Release;
		};
		281CB53C1DB194E300593545 /* Debug */ = {
			isa = XCBuildConfiguration;
			buildSettings = {
				ALWAYS_EMBED_SWIFT_STANDARD_LIBRARIES = YES;
				DEVELOPMENT_TEAM = DPY5934975;
				INFOPLIST_FILE = MusicQuizUITests/Info.plist;
				LD_RUNPATH_SEARCH_PATHS = "$(inherited) @executable_path/Frameworks @loader_path/Frameworks";
				PRODUCT_BUNDLE_IDENTIFIER = Yosvani.MusicQuizUITests;
				PRODUCT_NAME = "$(TARGET_NAME)";
				SWIFT_VERSION = 3.0;
				TEST_TARGET_NAME = MusicQuiz;
			};
			name = Debug;
		};
		281CB53D1DB194E300593545 /* Release */ = {
			isa = XCBuildConfiguration;
			buildSettings = {
				ALWAYS_EMBED_SWIFT_STANDARD_LIBRARIES = YES;
				DEVELOPMENT_TEAM = DPY5934975;
				INFOPLIST_FILE = MusicQuizUITests/Info.plist;
				LD_RUNPATH_SEARCH_PATHS = "$(inherited) @executable_path/Frameworks @loader_path/Frameworks";
				PRODUCT_BUNDLE_IDENTIFIER = Yosvani.MusicQuizUITests;
				PRODUCT_NAME = "$(TARGET_NAME)";
				SWIFT_VERSION = 3.0;
				TEST_TARGET_NAME = MusicQuiz;
			};
			name = Release;
		};
/* End XCBuildConfiguration section */

/* Begin XCConfigurationList section */
		281CB5051DB194E300593545 /* Build configuration list for PBXProject "MusicQuiz" */ = {
			isa = XCConfigurationList;
			buildConfigurations = (
				281CB5331DB194E300593545 /* Debug */,
				281CB5341DB194E300593545 /* Release */,
			);
			defaultConfigurationIsVisible = 0;
			defaultConfigurationName = Release;
		};
		281CB5351DB194E300593545 /* Build configuration list for PBXNativeTarget "MusicQuiz" */ = {
			isa = XCConfigurationList;
			buildConfigurations = (
				281CB5361DB194E300593545 /* Debug */,
				281CB5371DB194E300593545 /* Release */,
			);
			defaultConfigurationIsVisible = 0;
			defaultConfigurationName = Release;
		};
		281CB5381DB194E300593545 /* Build configuration list for PBXNativeTarget "MusicQuizTests" */ = {
			isa = XCConfigurationList;
			buildConfigurations = (
				281CB5391DB194E300593545 /* Debug */,
				281CB53A1DB194E300593545 /* Release */,
			);
			defaultConfigurationIsVisible = 0;
			defaultConfigurationName = Release;
		};
		281CB53B1DB194E300593545 /* Build configuration list for PBXNativeTarget "MusicQuizUITests" */ = {
			isa = XCConfigurationList;
			buildConfigurations = (
				281CB53C1DB194E300593545 /* Debug */,
				281CB53D1DB194E300593545 /* Release */,
			);
			defaultConfigurationIsVisible = 0;
			defaultConfigurationName = Release;
		};
/* End XCConfigurationList section */

/* Begin XCVersionGroup section */
		281CB5141DB194E300593545 /* MusicQuiz.xcdatamodeld */ = {
			isa = XCVersionGroup;
			children = (
				281CB5151DB194E300593545 /* MusicQuiz.xcdatamodel */,
			);
			currentVersion = 281CB5151DB194E300593545 /* MusicQuiz.xcdatamodel */;
			path = MusicQuiz.xcdatamodeld;
			sourceTree = "<group>";
			versionGroupType = wrapper.xcdatamodel;
		};
/* End XCVersionGroup section */
	};
	rootObject = 281CB5021DB194E300593545 /* Project object */;
}
